
Microsoft Visual Studio Solution File, Format Version 12.00
# Visual Studio 14
VisualStudioVersion = 14.0.25420.1
MinimumVisualStudioVersion = 10.0.40219.1
Project("{FAE04EC0-301F-11D3-BF4B-00C04F79EFBC}") = "MOB.XF.AulaDB.Droid", "MOB.XF.AulaDB\MOB.XF.AulaDB.Droid\MOB.XF.AulaDB.Droid.csproj", "{E25EEB85-90E5-4CC0-9B58-57A53A8850A2}"
EndProject
Project("{FAE04EC0-301F-11D3-BF4B-00C04F79EFBC}") = "MOB.XF.AulaDB.iOS", "MOB.XF.AulaDB\MOB.XF.AulaDB.iOS\MOB.XF.AulaDB.iOS.csproj", "{61A2BC82-C49E-4AF5-A99C-BD6532E87A38}"
EndProject
Project("{FAE04EC0-301F-11D3-BF4B-00C04F79EFBC}") = "MOB.XF.AulaDB.WinPhone", "MOB.XF.AulaDB\MOB.XF.AulaDB.WinPhone\MOB.XF.AulaDB.WinPhone.csproj", "{13B56A90-5293-4E7B-AB76-AEA3CD3CB174}"
EndProject
Project("{FAE04EC0-301F-11D3-BF4B-00C04F79EFBC}") = "MOB.XF.AulaDB.UWP", "MOB.XF.AulaDB\MOB.XF.AulaDB.UWP\MOB.XF.AulaDB.UWP.csproj", "{853F1B57-A60B-47C4-98CC-26E42D2E3B4D}"
EndProject
Project("{FAE04EC0-301F-11D3-BF4B-00C04F79EFBC}") = "MOB.XF.AulaDB.Windows", "MOB.XF.AulaDB\MOB.XF.AulaDB.Windows\MOB.XF.AulaDB.Windows.csproj", "{597304AB-C31B-43BE-BB81-257B5492BE7E}"
EndProject
Project("{FAE04EC0-301F-11D3-BF4B-00C04F79EFBC}") = "MOB.XF.AulaDB", "MOB.XF.AulaDB\MOB.XF.AulaDB\MOB.XF.AulaDB.csproj", "{FF69D853-14C0-43DC-9C70-4F157A777824}"
EndProject
Global
	GlobalSection(SolutionConfigurationPlatforms) = preSolution
		Ad-Hoc|Any CPU = Ad-Hoc|Any CPU
		Ad-Hoc|ARM = Ad-Hoc|ARM
		Ad-Hoc|iPhone = Ad-Hoc|iPhone
		Ad-Hoc|iPhoneSimulator = Ad-Hoc|iPhoneSimulator
		Ad-Hoc|x64 = Ad-Hoc|x64
		Ad-Hoc|x86 = Ad-Hoc|x86
		AppStore|Any CPU = AppStore|Any CPU
		AppStore|ARM = AppStore|ARM
		AppStore|iPhone = AppStore|iPhone
		AppStore|iPhoneSimulator = AppStore|iPhoneSimulator
		AppStore|x64 = AppStore|x64
		AppStore|x86 = AppStore|x86
		Debug|Any CPU = Debug|Any CPU
		Debug|ARM = Debug|ARM
		Debug|iPhone = Debug|iPhone
		Debug|iPhoneSimulator = Debug|iPhoneSimulator
		Debug|x64 = Debug|x64
		Debug|x86 = Debug|x86
		Release|Any CPU = Release|Any CPU
		Release|ARM = Release|ARM
		Release|iPhone = Release|iPhone
		Release|iPhoneSimulator = Release|iPhoneSimulator
		Release|x64 = Release|x64
		Release|x86 = Release|x86
	EndGlobalSection
	GlobalSection(ProjectConfigurationPlatforms) = postSolution
		{E25EEB85-90E5-4CC0-9B58-57A53A8850A2}.Ad-Hoc|Any CPU.ActiveCfg = Release|Any CPU
		{E25EEB85-90E5-4CC0-9B58-57A53A8850A2}.Ad-Hoc|Any CPU.Build.0 = Release|Any CPU
		{E25EEB85-90E5-4CC0-9B58-57A53A8850A2}.Ad-Hoc|Any CPU.Deploy.0 = Release|Any CPU
		{E25EEB85-90E5-4CC0-9B58-57A53A8850A2}.Ad-Hoc|ARM.ActiveCfg = Release|Any CPU
		{E25EEB85-90E5-4CC0-9B58-57A53A8850A2}.Ad-Hoc|ARM.Build.0 = Release|Any CPU
		{E25EEB85-90E5-4CC0-9B58-57A53A8850A2}.Ad-Hoc|ARM.Deploy.0 = Release|Any CPU
		{E25EEB85-90E5-4CC0-9B58-57A53A8850A2}.Ad-Hoc|iPhone.ActiveCfg = Release|Any CPU
		{E25EEB85-90E5-4CC0-9B58-57A53A8850A2}.Ad-Hoc|iPhone.Build.0 = Release|Any CPU
		{E25EEB85-90E5-4CC0-9B58-57A53A8850A2}.Ad-Hoc|iPhone.Deploy.0 = Release|Any CPU
		{E25EEB85-90E5-4CC0-9B58-57A53A8850A2}.Ad-Hoc|iPhoneSimulator.ActiveCfg = Release|Any CPU
		{E25EEB85-90E5-4CC0-9B58-57A53A8850A2}.Ad-Hoc|iPhoneSimulator.Build.0 = Release|Any CPU
		{E25EEB85-90E5-4CC0-9B58-57A53A8850A2}.Ad-Hoc|iPhoneSimulator.Deploy.0 = Release|Any CPU
		{E25EEB85-90E5-4CC0-9B58-57A53A8850A2}.Ad-Hoc|x64.ActiveCfg = Release|Any CPU
		{E25EEB85-90E5-4CC0-9B58-57A53A8850A2}.Ad-Hoc|x64.Build.0 = Release|Any CPU
		{E25EEB85-90E5-4CC0-9B58-57A53A8850A2}.Ad-Hoc|x64.Deploy.0 = Release|Any CPU
		{E25EEB85-90E5-4CC0-9B58-57A53A8850A2}.Ad-Hoc|x86.ActiveCfg = Release|Any CPU
		{E25EEB85-90E5-4CC0-9B58-57A53A8850A2}.Ad-Hoc|x86.Build.0 = Release|Any CPU
		{E25EEB85-90E5-4CC0-9B58-57A53A8850A2}.Ad-Hoc|x86.Deploy.0 = Release|Any CPU
		{E25EEB85-90E5-4CC0-9B58-57A53A8850A2}.AppStore|Any CPU.ActiveCfg = Release|Any CPU
		{E25EEB85-90E5-4CC0-9B58-57A53A8850A2}.AppStore|Any CPU.Build.0 = Release|Any CPU
		{E25EEB85-90E5-4CC0-9B58-57A53A8850A2}.AppStore|Any CPU.Deploy.0 = Release|Any CPU
		{E25EEB85-90E5-4CC0-9B58-57A53A8850A2}.AppStore|ARM.ActiveCfg = Release|Any CPU
		{E25EEB85-90E5-4CC0-9B58-57A53A8850A2}.AppStore|ARM.Build.0 = Release|Any CPU
		{E25EEB85-90E5-4CC0-9B58-57A53A8850A2}.AppStore|ARM.Deploy.0 = Release|Any CPU
		{E25EEB85-90E5-4CC0-9B58-57A53A8850A2}.AppStore|iPhone.ActiveCfg = Release|Any CPU
		{E25EEB85-90E5-4CC0-9B58-57A53A8850A2}.AppStore|iPhone.Build.0 = Release|Any CPU
		{E25EEB85-90E5-4CC0-9B58-57A53A8850A2}.AppStore|iPhone.Deploy.0 = Release|Any CPU
		{E25EEB85-90E5-4CC0-9B58-57A53A8850A2}.AppStore|iPhoneSimulator.ActiveCfg = Release|Any CPU
		{E25EEB85-90E5-4CC0-9B58-57A53A8850A2}.AppStore|iPhoneSimulator.Build.0 = Release|Any CPU
		{E25EEB85-90E5-4CC0-9B58-57A53A8850A2}.AppStore|iPhoneSimulator.Deploy.0 = Release|Any CPU
		{E25EEB85-90E5-4CC0-9B58-57A53A8850A2}.AppStore|x64.ActiveCfg = Release|Any CPU
		{E25EEB85-90E5-4CC0-9B58-57A53A8850A2}.AppStore|x64.Build.0 = Release|Any CPU
		{E25EEB85-90E5-4CC0-9B58-57A53A8850A2}.AppStore|x64.Deploy.0 = Release|Any CPU
		{E25EEB85-90E5-4CC0-9B58-57A53A8850A2}.AppStore|x86.ActiveCfg = Release|Any CPU
		{E25EEB85-90E5-4CC0-9B58-57A53A8850A2}.AppStore|x86.Build.0 = Release|Any CPU
		{E25EEB85-90E5-4CC0-9B58-57A53A8850A2}.AppStore|x86.Deploy.0 = Release|Any CPU
		{E25EEB85-90E5-4CC0-9B58-57A53A8850A2}.Debug|Any CPU.ActiveCfg = Debug|Any CPU
		{E25EEB85-90E5-4CC0-9B58-57A53A8850A2}.Debug|Any CPU.Build.0 = Debug|Any CPU
		{E25EEB85-90E5-4CC0-9B58-57A53A8850A2}.Debug|Any CPU.Deploy.0 = Debug|Any CPU
		{E25EEB85-90E5-4CC0-9B58-57A53A8850A2}.Debug|ARM.ActiveCfg = Debug|Any CPU
		{E25EEB85-90E5-4CC0-9B58-57A53A8850A2}.Debug|ARM.Build.0 = Debug|Any CPU
		{E25EEB85-90E5-4CC0-9B58-57A53A8850A2}.Debug|ARM.Deploy.0 = Debug|Any CPU
		{E25EEB85-90E5-4CC0-9B58-57A53A8850A2}.Debug|iPhone.ActiveCfg = Debug|Any CPU
		{E25EEB85-90E5-4CC0-9B58-57A53A8850A2}.Debug|iPhone.Build.0 = Debug|Any CPU
		{E25EEB85-90E5-4CC0-9B58-57A53A8850A2}.Debug|iPhone.Deploy.0 = Debug|Any CPU
		{E25EEB85-90E5-4CC0-9B58-57A53A8850A2}.Debug|iPhoneSimulator.ActiveCfg = Debug|Any CPU
		{E25EEB85-90E5-4CC0-9B58-57A53A8850A2}.Debug|iPhoneSimulator.Build.0 = Debug|Any CPU
		{E25EEB85-90E5-4CC0-9B58-57A53A8850A2}.Debug|iPhoneSimulator.Deploy.0 = Debug|Any CPU
		{E25EEB85-90E5-4CC0-9B58-57A53A8850A2}.Debug|x64.ActiveCfg = Debug|Any CPU
		{E25EEB85-90E5-4CC0-9B58-57A53A8850A2}.Debug|x64.Build.0 = Debug|Any CPU
		{E25EEB85-90E5-4CC0-9B58-57A53A8850A2}.Debug|x64.Deploy.0 = Debug|Any CPU
		{E25EEB85-90E5-4CC0-9B58-57A53A8850A2}.Debug|x86.ActiveCfg = Debug|Any CPU
		{E25EEB85-90E5-4CC0-9B58-57A53A8850A2}.Debug|x86.Build.0 = Debug|Any CPU
		{E25EEB85-90E5-4CC0-9B58-57A53A8850A2}.Debug|x86.Deploy.0 = Debug|Any CPU
		{E25EEB85-90E5-4CC0-9B58-57A53A8850A2}.Release|Any CPU.ActiveCfg = Release|Any CPU
		{E25EEB85-90E5-4CC0-9B58-57A53A8850A2}.Release|Any CPU.Build.0 = Release|Any CPU
		{E25EEB85-90E5-4CC0-9B58-57A53A8850A2}.Release|Any CPU.Deploy.0 = Release|Any CPU
		{E25EEB85-90E5-4CC0-9B58-57A53A8850A2}.Release|ARM.ActiveCfg = Release|Any CPU
		{E25EEB85-90E5-4CC0-9B58-57A53A8850A2}.Release|ARM.Build.0 = Release|Any CPU
		{E25EEB85-90E5-4CC0-9B58-57A53A8850A2}.Release|ARM.Deploy.0 = Release|Any CPU
		{E25EEB85-90E5-4CC0-9B58-57A53A8850A2}.Release|iPhone.ActiveCfg = Release|Any CPU
		{E25EEB85-90E5-4CC0-9B58-57A53A8850A2}.Release|iPhone.Build.0 = Release|Any CPU
		{E25EEB85-90E5-4CC0-9B58-57A53A8850A2}.Release|iPhone.Deploy.0 = Release|Any CPU
		{E25EEB85-90E5-4CC0-9B58-57A53A8850A2}.Release|iPhoneSimulator.ActiveCfg = Release|Any CPU
		{E25EEB85-90E5-4CC0-9B58-57A53A8850A2}.Release|iPhoneSimulator.Build.0 = Release|Any CPU
		{E25EEB85-90E5-4CC0-9B58-57A53A8850A2}.Release|iPhoneSimulator.Deploy.0 = Release|Any CPU
		{E25EEB85-90E5-4CC0-9B58-57A53A8850A2}.Release|x64.ActiveCfg = Release|Any CPU
		{E25EEB85-90E5-4CC0-9B58-57A53A8850A2}.Release|x64.Build.0 = Release|Any CPU
		{E25EEB85-90E5-4CC0-9B58-57A53A8850A2}.Release|x64.Deploy.0 = Release|Any CPU
		{E25EEB85-90E5-4CC0-9B58-57A53A8850A2}.Release|x86.ActiveCfg = Release|Any CPU
		{E25EEB85-90E5-4CC0-9B58-57A53A8850A2}.Release|x86.Build.0 = Release|Any CPU
		{E25EEB85-90E5-4CC0-9B58-57A53A8850A2}.Release|x86.Deploy.0 = Release|Any CPU
		{61A2BC82-C49E-4AF5-A99C-BD6532E87A38}.Ad-Hoc|Any CPU.ActiveCfg = Ad-Hoc|iPhone
		{61A2BC82-C49E-4AF5-A99C-BD6532E87A38}.Ad-Hoc|ARM.ActiveCfg = Ad-Hoc|iPhone
		{61A2BC82-C49E-4AF5-A99C-BD6532E87A38}.Ad-Hoc|iPhone.ActiveCfg = Ad-Hoc|iPhone
		{61A2BC82-C49E-4AF5-A99C-BD6532E87A38}.Ad-Hoc|iPhone.Build.0 = Ad-Hoc|iPhone
		{61A2BC82-C49E-4AF5-A99C-BD6532E87A38}.Ad-Hoc|iPhoneSimulator.ActiveCfg = Ad-Hoc|iPhoneSimulator
		{61A2BC82-C49E-4AF5-A99C-BD6532E87A38}.Ad-Hoc|iPhoneSimulator.Build.0 = Ad-Hoc|iPhoneSimulator
		{61A2BC82-C49E-4AF5-A99C-BD6532E87A38}.Ad-Hoc|x64.ActiveCfg = Ad-Hoc|iPhone
		{61A2BC82-C49E-4AF5-A99C-BD6532E87A38}.Ad-Hoc|x86.ActiveCfg = Ad-Hoc|iPhone
		{61A2BC82-C49E-4AF5-A99C-BD6532E87A38}.AppStore|Any CPU.ActiveCfg = AppStore|iPhone
		{61A2BC82-C49E-4AF5-A99C-BD6532E87A38}.AppStore|ARM.ActiveCfg = AppStore|iPhone
		{61A2BC82-C49E-4AF5-A99C-BD6532E87A38}.AppStore|iPhone.ActiveCfg = AppStore|iPhone
		{61A2BC82-C49E-4AF5-A99C-BD6532E87A38}.AppStore|iPhone.Build.0 = AppStore|iPhone
		{61A2BC82-C49E-4AF5-A99C-BD6532E87A38}.AppStore|iPhoneSimulator.ActiveCfg = AppStore|iPhoneSimulator
		{61A2BC82-C49E-4AF5-A99C-BD6532E87A38}.AppStore|iPhoneSimulator.Build.0 = AppStore|iPhoneSimulator
		{61A2BC82-C49E-4AF5-A99C-BD6532E87A38}.AppStore|x64.ActiveCfg = AppStore|iPhone
		{61A2BC82-C49E-4AF5-A99C-BD6532E87A38}.AppStore|x86.ActiveCfg = AppStore|iPhone
		{61A2BC82-C49E-4AF5-A99C-BD6532E87A38}.Debug|Any CPU.ActiveCfg = Debug|iPhone
		{61A2BC82-C49E-4AF5-A99C-BD6532E87A38}.Debug|ARM.ActiveCfg = Debug|iPhone
		{61A2BC82-C49E-4AF5-A99C-BD6532E87A38}.Debug|iPhone.ActiveCfg = Debug|iPhone
		{61A2BC82-C49E-4AF5-A99C-BD6532E87A38}.Debug|iPhone.Build.0 = Debug|iPhone
		{61A2BC82-C49E-4AF5-A99C-BD6532E87A38}.Debug|iPhoneSimulator.ActiveCfg = Debug|iPhoneSimulator
		{61A2BC82-C49E-4AF5-A99C-BD6532E87A38}.Debug|iPhoneSimulator.Build.0 = Debug|iPhoneSimulator
		{61A2BC82-C49E-4AF5-A99C-BD6532E87A38}.Debug|x64.ActiveCfg = Debug|iPhone
		{61A2BC82-C49E-4AF5-A99C-BD6532E87A38}.Debug|x86.ActiveCfg = Debug|iPhone
		{61A2BC82-C49E-4AF5-A99C-BD6532E87A38}.Release|Any CPU.ActiveCfg = Release|iPhone
		{61A2BC82-C49E-4AF5-A99C-BD6532E87A38}.Release|ARM.ActiveCfg = Release|iPhone
		{61A2BC82-C49E-4AF5-A99C-BD6532E87A38}.Release|iPhone.ActiveCfg = Release|iPhone
		{61A2BC82-C49E-4AF5-A99C-BD6532E87A38}.Release|iPhone.Build.0 = Release|iPhone
		{61A2BC82-C49E-4AF5-A99C-BD6532E87A38}.Release|iPhoneSimulator.ActiveCfg = Release|iPhoneSimulator
		{61A2BC82-C49E-4AF5-A99C-BD6532E87A38}.Release|iPhoneSimulator.Build.0 = Release|iPhoneSimulator
		{61A2BC82-C49E-4AF5-A99C-BD6532E87A38}.Release|x64.ActiveCfg = Release|iPhone
		{61A2BC82-C49E-4AF5-A99C-BD6532E87A38}.Release|x86.ActiveCfg = Release|iPhone
		{13B56A90-5293-4E7B-AB76-AEA3CD3CB174}.Ad-Hoc|Any CPU.ActiveCfg = Release|Any CPU
		{13B56A90-5293-4E7B-AB76-AEA3CD3CB174}.Ad-Hoc|Any CPU.Build.0 = Release|Any CPU
		{13B56A90-5293-4E7B-AB76-AEA3CD3CB174}.Ad-Hoc|Any CPU.Deploy.0 = Release|Any CPU
		{13B56A90-5293-4E7B-AB76-AEA3CD3CB174}.Ad-Hoc|ARM.ActiveCfg = Release|ARM
		{13B56A90-5293-4E7B-AB76-AEA3CD3CB174}.Ad-Hoc|ARM.Build.0 = Release|ARM
		{13B56A90-5293-4E7B-AB76-AEA3CD3CB174}.Ad-Hoc|ARM.Deploy.0 = Release|ARM
		{13B56A90-5293-4E7B-AB76-AEA3CD3CB174}.Ad-Hoc|iPhone.ActiveCfg = Release|Any CPU
		{13B56A90-5293-4E7B-AB76-AEA3CD3CB174}.Ad-Hoc|iPhone.Build.0 = Release|Any CPU
		{13B56A90-5293-4E7B-AB76-AEA3CD3CB174}.Ad-Hoc|iPhone.Deploy.0 = Release|Any CPU
		{13B56A90-5293-4E7B-AB76-AEA3CD3CB174}.Ad-Hoc|iPhoneSimulator.ActiveCfg = Release|Any CPU
		{13B56A90-5293-4E7B-AB76-AEA3CD3CB174}.Ad-Hoc|iPhoneSimulator.Build.0 = Release|Any CPU
		{13B56A90-5293-4E7B-AB76-AEA3CD3CB174}.Ad-Hoc|iPhoneSimulator.Deploy.0 = Release|Any CPU
		{13B56A90-5293-4E7B-AB76-AEA3CD3CB174}.Ad-Hoc|x64.ActiveCfg = Release|Any CPU
		{13B56A90-5293-4E7B-AB76-AEA3CD3CB174}.Ad-Hoc|x64.Build.0 = Release|Any CPU
		{13B56A90-5293-4E7B-AB76-AEA3CD3CB174}.Ad-Hoc|x64.Deploy.0 = Release|Any CPU
		{13B56A90-5293-4E7B-AB76-AEA3CD3CB174}.Ad-Hoc|x86.ActiveCfg = Release|x86
		{13B56A90-5293-4E7B-AB76-AEA3CD3CB174}.Ad-Hoc|x86.Build.0 = Release|x86
		{13B56A90-5293-4E7B-AB76-AEA3CD3CB174}.Ad-Hoc|x86.Deploy.0 = Release|x86
		{13B56A90-5293-4E7B-AB76-AEA3CD3CB174}.AppStore|Any CPU.ActiveCfg = Release|Any CPU
		{13B56A90-5293-4E7B-AB76-AEA3CD3CB174}.AppStore|Any CPU.Build.0 = Release|Any CPU
		{13B56A90-5293-4E7B-AB76-AEA3CD3CB174}.AppStore|Any CPU.Deploy.0 = Release|Any CPU
		{13B56A90-5293-4E7B-AB76-AEA3CD3CB174}.AppStore|ARM.ActiveCfg = Release|ARM
		{13B56A90-5293-4E7B-AB76-AEA3CD3CB174}.AppStore|ARM.Build.0 = Release|ARM
		{13B56A90-5293-4E7B-AB76-AEA3CD3CB174}.AppStore|ARM.Deploy.0 = Release|ARM
		{13B56A90-5293-4E7B-AB76-AEA3CD3CB174}.AppStore|iPhone.ActiveCfg = Release|Any CPU
		{13B56A90-5293-4E7B-AB76-AEA3CD3CB174}.AppStore|iPhone.Build.0 = Release|Any CPU
		{13B56A90-5293-4E7B-AB76-AEA3CD3CB174}.AppStore|iPhone.Deploy.0 = Release|Any CPU
		{13B56A90-5293-4E7B-AB76-AEA3CD3CB174}.AppStore|iPhoneSimulator.ActiveCfg = Release|Any CPU
		{13B56A90-5293-4E7B-AB76-AEA3CD3CB174}.AppStore|iPhoneSimulator.Build.0 = Release|Any CPU
		{13B56A90-5293-4E7B-AB76-AEA3CD3CB174}.AppStore|iPhoneSimulator.Deploy.0 = Release|Any CPU
		{13B56A90-5293-4E7B-AB76-AEA3CD3CB174}.AppStore|x64.ActiveCfg = Release|Any CPU
		{13B56A90-5293-4E7B-AB76-AEA3CD3CB174}.AppStore|x64.Build.0 = Release|Any CPU
		{13B56A90-5293-4E7B-AB76-AEA3CD3CB174}.AppStore|x64.Deploy.0 = Release|Any CPU
		{13B56A90-5293-4E7B-AB76-AEA3CD3CB174}.AppStore|x86.ActiveCfg = Release|x86
		{13B56A90-5293-4E7B-AB76-AEA3CD3CB174}.AppStore|x86.Build.0 = Release|x86
		{13B56A90-5293-4E7B-AB76-AEA3CD3CB174}.AppStore|x86.Deploy.0 = Release|x86
		{13B56A90-5293-4E7B-AB76-AEA3CD3CB174}.Debug|Any CPU.ActiveCfg = Debug|Any CPU
		{13B56A90-5293-4E7B-AB76-AEA3CD3CB174}.Debug|Any CPU.Build.0 = Debug|Any CPU
		{13B56A90-5293-4E7B-AB76-AEA3CD3CB174}.Debug|Any CPU.Deploy.0 = Debug|Any CPU
		{13B56A90-5293-4E7B-AB76-AEA3CD3CB174}.Debug|ARM.ActiveCfg = Debug|ARM
		{13B56A90-5293-4E7B-AB76-AEA3CD3CB174}.Debug|ARM.Build.0 = Debug|ARM
		{13B56A90-5293-4E7B-AB76-AEA3CD3CB174}.Debug|ARM.Deploy.0 = Debug|ARM
		{13B56A90-5293-4E7B-AB76-AEA3CD3CB174}.Debug|iPhone.ActiveCfg = Debug|Any CPU
		{13B56A90-5293-4E7B-AB76-AEA3CD3CB174}.Debug|iPhone.Build.0 = Debug|Any CPU
		{13B56A90-5293-4E7B-AB76-AEA3CD3CB174}.Debug|iPhone.Deploy.0 = Debug|Any CPU
		{13B56A90-5293-4E7B-AB76-AEA3CD3CB174}.Debug|iPhoneSimulator.ActiveCfg = Debug|Any CPU
		{13B56A90-5293-4E7B-AB76-AEA3CD3CB174}.Debug|iPhoneSimulator.Build.0 = Debug|Any CPU
		{13B56A90-5293-4E7B-AB76-AEA3CD3CB174}.Debug|iPhoneSimulator.Deploy.0 = Debug|Any CPU
		{13B56A90-5293-4E7B-AB76-AEA3CD3CB174}.Debug|x64.ActiveCfg = Debug|Any CPU
		{13B56A90-5293-4E7B-AB76-AEA3CD3CB174}.Debug|x64.Build.0 = Debug|Any CPU
		{13B56A90-5293-4E7B-AB76-AEA3CD3CB174}.Debug|x64.Deploy.0 = Debug|Any CPU
		{13B56A90-5293-4E7B-AB76-AEA3CD3CB174}.Debug|x86.ActiveCfg = Debug|x86
		{13B56A90-5293-4E7B-AB76-AEA3CD3CB174}.Debug|x86.Build.0 = Debug|x86
		{13B56A90-5293-4E7B-AB76-AEA3CD3CB174}.Debug|x86.Deploy.0 = Debug|x86
		{13B56A90-5293-4E7B-AB76-AEA3CD3CB174}.Release|Any CPU.ActiveCfg = Release|Any CPU
		{13B56A90-5293-4E7B-AB76-AEA3CD3CB174}.Release|Any CPU.Build.0 = Release|Any CPU
		{13B56A90-5293-4E7B-AB76-AEA3CD3CB174}.Release|Any CPU.Deploy.0 = Release|Any CPU
		{13B56A90-5293-4E7B-AB76-AEA3CD3CB174}.Release|ARM.ActiveCfg = Release|ARM
		{13B56A90-5293-4E7B-AB76-AEA3CD3CB174}.Release|ARM.Build.0 = Release|ARM
		{13B56A90-5293-4E7B-AB76-AEA3CD3CB174}.Release|ARM.Deploy.0 = Release|ARM
		{13B56A90-5293-4E7B-AB76-AEA3CD3CB174}.Release|iPhone.ActiveCfg = Release|Any CPU
		{13B56A90-5293-4E7B-AB76-AEA3CD3CB174}.Release|iPhone.Build.0 = Release|Any CPU
		{13B56A90-5293-4E7B-AB76-AEA3CD3CB174}.Release|iPhone.Deploy.0 = Release|Any CPU
		{13B56A90-5293-4E7B-AB76-AEA3CD3CB174}.Release|iPhoneSimulator.ActiveCfg = Release|Any CPU
		{13B56A90-5293-4E7B-AB76-AEA3CD3CB174}.Release|iPhoneSimulator.Build.0 = Release|Any CPU
		{13B56A90-5293-4E7B-AB76-AEA3CD3CB174}.Release|iPhoneSimulator.Deploy.0 = Release|Any CPU
		{13B56A90-5293-4E7B-AB76-AEA3CD3CB174}.Release|x64.ActiveCfg = Release|Any CPU
		{13B56A90-5293-4E7B-AB76-AEA3CD3CB174}.Release|x64.Build.0 = Release|Any CPU
		{13B56A90-5293-4E7B-AB76-AEA3CD3CB174}.Release|x64.Deploy.0 = Release|Any CPU
		{13B56A90-5293-4E7B-AB76-AEA3CD3CB174}.Release|x86.ActiveCfg = Release|x86
		{13B56A90-5293-4E7B-AB76-AEA3CD3CB174}.Release|x86.Build.0 = Release|x86
		{13B56A90-5293-4E7B-AB76-AEA3CD3CB174}.Release|x86.Deploy.0 = Release|x86
		{853F1B57-A60B-47C4-98CC-26E42D2E3B4D}.Ad-Hoc|Any CPU.ActiveCfg = Release|x86
		{853F1B57-A60B-47C4-98CC-26E42D2E3B4D}.Ad-Hoc|Any CPU.Build.0 = Release|x86
		{853F1B57-A60B-47C4-98CC-26E42D2E3B4D}.Ad-Hoc|Any CPU.Deploy.0 = Release|x86
		{853F1B57-A60B-47C4-98CC-26E42D2E3B4D}.Ad-Hoc|ARM.ActiveCfg = Release|ARM
		{853F1B57-A60B-47C4-98CC-26E42D2E3B4D}.Ad-Hoc|ARM.Build.0 = Release|ARM
		{853F1B57-A60B-47C4-98CC-26E42D2E3B4D}.Ad-Hoc|ARM.Deploy.0 = Release|ARM
		{853F1B57-A60B-47C4-98CC-26E42D2E3B4D}.Ad-Hoc|iPhone.ActiveCfg = Release|x86
		{853F1B57-A60B-47C4-98CC-26E42D2E3B4D}.Ad-Hoc|iPhone.Build.0 = Release|x86
		{853F1B57-A60B-47C4-98CC-26E42D2E3B4D}.Ad-Hoc|iPhone.Deploy.0 = Release|x86
		{853F1B57-A60B-47C4-98CC-26E42D2E3B4D}.Ad-Hoc|iPhoneSimulator.ActiveCfg = Release|x86
		{853F1B57-A60B-47C4-98CC-26E42D2E3B4D}.Ad-Hoc|iPhoneSimulator.Build.0 = Release|x86
		{853F1B57-A60B-47C4-98CC-26E42D2E3B4D}.Ad-Hoc|iPhoneSimulator.Deploy.0 = Release|x86
		{853F1B57-A60B-47C4-98CC-26E42D2E3B4D}.Ad-Hoc|x64.ActiveCfg = Release|x64
		{853F1B57-A60B-47C4-98CC-26E42D2E3B4D}.Ad-Hoc|x64.Build.0 = Release|x64
		{853F1B57-A60B-47C4-98CC-26E42D2E3B4D}.Ad-Hoc|x64.Deploy.0 = Release|x64
		{853F1B57-A60B-47C4-98CC-26E42D2E3B4D}.Ad-Hoc|x86.ActiveCfg = Release|x86
		{853F1B57-A60B-47C4-98CC-26E42D2E3B4D}.Ad-Hoc|x86.Build.0 = Release|x86
		{853F1B57-A60B-47C4-98CC-26E42D2E3B4D}.Ad-Hoc|x86.Deploy.0 = Release|x86
		{853F1B57-A60B-47C4-98CC-26E42D2E3B4D}.AppStore|Any CPU.ActiveCfg = Release|x86
		{853F1B57-A60B-47C4-98CC-26E42D2E3B4D}.AppStore|Any CPU.Build.0 = Release|x86
		{853F1B57-A60B-47C4-98CC-26E42D2E3B4D}.AppStore|Any CPU.Deploy.0 = Release|x86
		{853F1B57-A60B-47C4-98CC-26E42D2E3B4D}.AppStore|ARM.ActiveCfg = Release|ARM
		{853F1B57-A60B-47C4-98CC-26E42D2E3B4D}.AppStore|ARM.Build.0 = Release|ARM
		{853F1B57-A60B-47C4-98CC-26E42D2E3B4D}.AppStore|ARM.Deploy.0 = Release|ARM
		{853F1B57-A60B-47C4-98CC-26E42D2E3B4D}.AppStore|iPhone.ActiveCfg = Release|x86
		{853F1B57-A60B-47C4-98CC-26E42D2E3B4D}.AppStore|iPhone.Build.0 = Release|x86
		{853F1B57-A60B-47C4-98CC-26E42D2E3B4D}.AppStore|iPhone.Deploy.0 = Release|x86
		{853F1B57-A60B-47C4-98CC-26E42D2E3B4D}.AppStore|iPhoneSimulator.ActiveCfg = Release|x86
		{853F1B57-A60B-47C4-98CC-26E42D2E3B4D}.AppStore|iPhoneSimulator.Build.0 = Release|x86
		{853F1B57-A60B-47C4-98CC-26E42D2E3B4D}.AppStore|iPhoneSimulator.Deploy.0 = Release|x86
		{853F1B57-A60B-47C4-98CC-26E42D2E3B4D}.AppStore|x64.ActiveCfg = Release|x64
		{853F1B57-A60B-47C4-98CC-26E42D2E3B4D}.AppStore|x64.Build.0 = Release|x64
		{853F1B57-A60B-47C4-98CC-26E42D2E3B4D}.AppStore|x64.Deploy.0 = Release|x64
		{853F1B57-A60B-47C4-98CC-26E42D2E3B4D}.AppStore|x86.ActiveCfg = Release|x86
		{853F1B57-A60B-47C4-98CC-26E42D2E3B4D}.AppStore|x86.Build.0 = Release|x86
		{853F1B57-A60B-47C4-98CC-26E42D2E3B4D}.AppStore|x86.Deploy.0 = Release|x86
		{853F1B57-A60B-47C4-98CC-26E42D2E3B4D}.Debug|Any CPU.ActiveCfg = Debug|x86
		{853F1B57-A60B-47C4-98CC-26E42D2E3B4D}.Debug|ARM.ActiveCfg = Debug|ARM
		{853F1B57-A60B-47C4-98CC-26E42D2E3B4D}.Debug|ARM.Build.0 = Debug|ARM
		{853F1B57-A60B-47C4-98CC-26E42D2E3B4D}.Debug|ARM.Deploy.0 = Debug|ARM
		{853F1B57-A60B-47C4-98CC-26E42D2E3B4D}.Debug|iPhone.ActiveCfg = Debug|x86
		{853F1B57-A60B-47C4-98CC-26E42D2E3B4D}.Debug|iPhoneSimulator.ActiveCfg = Debug|x86
		{853F1B57-A60B-47C4-98CC-26E42D2E3B4D}.Debug|x64.ActiveCfg = Debug|x64
		{853F1B57-A60B-47C4-98CC-26E42D2E3B4D}.Debug|x64.Build.0 = Debug|x64
		{853F1B57-A60B-47C4-98CC-26E42D2E3B4D}.Debug|x64.Deploy.0 = Debug|x64
		{853F1B57-A60B-47C4-98CC-26E42D2E3B4D}.Debug|x86.ActiveCfg = Debug|x86
		{853F1B57-A60B-47C4-98CC-26E42D2E3B4D}.Debug|x86.Build.0 = Debug|x86
		{853F1B57-A60B-47C4-98CC-26E42D2E3B4D}.Debug|x86.Deploy.0 = Debug|x86
		{853F1B57-A60B-47C4-98CC-26E42D2E3B4D}.Release|Any CPU.ActiveCfg = Release|x86
		{853F1B57-A60B-47C4-98CC-26E42D2E3B4D}.Release|ARM.ActiveCfg = Release|ARM
		{853F1B57-A60B-47C4-98CC-26E42D2E3B4D}.Release|ARM.Build.0 = Release|ARM
		{853F1B57-A60B-47C4-98CC-26E42D2E3B4D}.Release|ARM.Deploy.0 = Release|ARM
		{853F1B57-A60B-47C4-98CC-26E42D2E3B4D}.Release|iPhone.ActiveCfg = Release|x86
		{853F1B57-A60B-47C4-98CC-26E42D2E3B4D}.Release|iPhoneSimulator.ActiveCfg = Release|x86
		{853F1B57-A60B-47C4-98CC-26E42D2E3B4D}.Release|x64.ActiveCfg = Release|x64
		{853F1B57-A60B-47C4-98CC-26E42D2E3B4D}.Release|x64.Build.0 = Release|x64
		{853F1B57-A60B-47C4-98CC-26E42D2E3B4D}.Release|x64.Deploy.0 = Release|x64
		{853F1B57-A60B-47C4-98CC-26E42D2E3B4D}.Release|x86.ActiveCfg = Release|x86
		{853F1B57-A60B-47C4-98CC-26E42D2E3B4D}.Release|x86.Build.0 = Release|x86
		{853F1B57-A60B-47C4-98CC-26E42D2E3B4D}.Release|x86.Deploy.0 = Release|x86
		{597304AB-C31B-43BE-BB81-257B5492BE7E}.Ad-Hoc|Any CPU.ActiveCfg = Release|Any CPU
		{597304AB-C31B-43BE-BB81-257B5492BE7E}.Ad-Hoc|Any CPU.Build.0 = Release|Any CPU
		{597304AB-C31B-43BE-BB81-257B5492BE7E}.Ad-Hoc|Any CPU.Deploy.0 = Release|Any CPU
		{597304AB-C31B-43BE-BB81-257B5492BE7E}.Ad-Hoc|ARM.ActiveCfg = Release|ARM
		{597304AB-C31B-43BE-BB81-257B5492BE7E}.Ad-Hoc|ARM.Build.0 = Release|ARM
		{597304AB-C31B-43BE-BB81-257B5492BE7E}.Ad-Hoc|ARM.Deploy.0 = Release|ARM
		{597304AB-C31B-43BE-BB81-257B5492BE7E}.Ad-Hoc|iPhone.ActiveCfg = Release|Any CPU
		{597304AB-C31B-43BE-BB81-257B5492BE7E}.Ad-Hoc|iPhone.Build.0 = Release|Any CPU
		{597304AB-C31B-43BE-BB81-257B5492BE7E}.Ad-Hoc|iPhone.Deploy.0 = Release|Any CPU
		{597304AB-C31B-43BE-BB81-257B5492BE7E}.Ad-Hoc|iPhoneSimulator.ActiveCfg = Release|Any CPU
		{597304AB-C31B-43BE-BB81-257B5492BE7E}.Ad-Hoc|iPhoneSimulator.Build.0 = Release|Any CPU
		{597304AB-C31B-43BE-BB81-257B5492BE7E}.Ad-Hoc|iPhoneSimulator.Deploy.0 = Release|Any CPU
		{597304AB-C31B-43BE-BB81-257B5492BE7E}.Ad-Hoc|x64.ActiveCfg = Release|x64
		{597304AB-C31B-43BE-BB81-257B5492BE7E}.Ad-Hoc|x64.Build.0 = Release|x64
		{597304AB-C31B-43BE-BB81-257B5492BE7E}.Ad-Hoc|x64.Deploy.0 = Release|x64
		{597304AB-C31B-43BE-BB81-257B5492BE7E}.Ad-Hoc|x86.ActiveCfg = Release|x86
		{597304AB-C31B-43BE-BB81-257B5492BE7E}.Ad-Hoc|x86.Build.0 = Release|x86
		{597304AB-C31B-43BE-BB81-257B5492BE7E}.Ad-Hoc|x86.Deploy.0 = Release|x86
		{597304AB-C31B-43BE-BB81-257B5492BE7E}.AppStore|Any CPU.ActiveCfg = Release|Any CPU
		{597304AB-C31B-43BE-BB81-257B5492BE7E}.AppStore|Any CPU.Build.0 = Release|Any CPU
		{597304AB-C31B-43BE-BB81-257B5492BE7E}.AppStore|Any CPU.Deploy.0 = Release|Any CPU
		{597304AB-C31B-43BE-BB81-257B5492BE7E}.AppStore|ARM.ActiveCfg = Release|ARM
		{597304AB-C31B-43BE-BB81-257B5492BE7E}.AppStore|ARM.Build.0 = Release|ARM
		{597304AB-C31B-43BE-BB81-257B5492BE7E}.AppStore|ARM.Deploy.0 = Release|ARM
		{597304AB-C31B-43BE-BB81-257B5492BE7E}.AppStore|iPhone.ActiveCfg = Release|Any CPU
		{597304AB-C31B-43BE-BB81-257B5492BE7E}.AppStore|iPhone.Build.0 = Release|Any CPU
		{597304AB-C31B-43BE-BB81-257B5492BE7E}.AppStore|iPhone.Deploy.0 = Release|Any CPU
		{597304AB-C31B-43BE-BB81-257B5492BE7E}.AppStore|iPhoneSimulator.ActiveCfg = Release|Any CPU
		{597304AB-C31B-43BE-BB81-257B5492BE7E}.AppStore|iPhoneSimulator.Build.0 = Release|Any CPU
		{597304AB-C31B-43BE-BB81-257B5492BE7E}.AppStore|iPhoneSimulator.Deploy.0 = Release|Any CPU
		{597304AB-C31B-43BE-BB81-257B5492BE7E}.AppStore|x64.ActiveCfg = Release|x64
		{597304AB-C31B-43BE-BB81-257B5492BE7E}.AppStore|x64.Build.0 = Release|x64
		{597304AB-C31B-43BE-BB81-257B5492BE7E}.AppStore|x64.Deploy.0 = Release|x64
		{597304AB-C31B-43BE-BB81-257B5492BE7E}.AppStore|x86.ActiveCfg = Release|x86
		{597304AB-C31B-43BE-BB81-257B5492BE7E}.AppStore|x86.Build.0 = Release|x86
		{597304AB-C31B-43BE-BB81-257B5492BE7E}.AppStore|x86.Deploy.0 = Release|x86
		{597304AB-C31B-43BE-BB81-257B5492BE7E}.Debug|Any CPU.ActiveCfg = Debug|Any CPU
		{597304AB-C31B-43BE-BB81-257B5492BE7E}.Debug|Any CPU.Build.0 = Debug|Any CPU
		{597304AB-C31B-43BE-BB81-257B5492BE7E}.Debug|Any CPU.Deploy.0 = Debug|Any CPU
		{597304AB-C31B-43BE-BB81-257B5492BE7E}.Debug|ARM.ActiveCfg = Debug|ARM
		{597304AB-C31B-43BE-BB81-257B5492BE7E}.Debug|ARM.Build.0 = Debug|ARM
		{597304AB-C31B-43BE-BB81-257B5492BE7E}.Debug|ARM.Deploy.0 = Debug|ARM
		{597304AB-C31B-43BE-BB81-257B5492BE7E}.Debug|iPhone.ActiveCfg = Debug|Any CPU
		{597304AB-C31B-43BE-BB81-257B5492BE7E}.Debug|iPhone.Build.0 = Debug|Any CPU
		{597304AB-C31B-43BE-BB81-257B5492BE7E}.Debug|iPhone.Deploy.0 = Debug|Any CPU
		{597304AB-C31B-43BE-BB81-257B5492BE7E}.Debug|iPhoneSimulator.ActiveCfg = Debug|Any CPU
		{597304AB-C31B-43BE-BB81-257B5492BE7E}.Debug|iPhoneSimulator.Build.0 = Debug|Any CPU
		{597304AB-C31B-43BE-BB81-257B5492BE7E}.Debug|iPhoneSimulator.Deploy.0 = Debug|Any CPU
		{597304AB-C31B-43BE-BB81-257B5492BE7E}.Debug|x64.ActiveCfg = Debug|x64
		{597304AB-C31B-43BE-BB81-257B5492BE7E}.Debug|x64.Build.0 = Debug|x64
		{597304AB-C31B-43BE-BB81-257B5492BE7E}.Debug|x64.Deploy.0 = Debug|x64
		{597304AB-C31B-43BE-BB81-257B5492BE7E}.Debug|x86.ActiveCfg = Debug|x86
		{597304AB-C31B-43BE-BB81-257B5492BE7E}.Debug|x86.Build.0 = Debug|x86
		{597304AB-C31B-43BE-BB81-257B5492BE7E}.Debug|x86.Deploy.0 = Debug|x86
		{597304AB-C31B-43BE-BB81-257B5492BE7E}.Release|Any CPU.ActiveCfg = Release|Any CPU
		{597304AB-C31B-43BE-BB81-257B5492BE7E}.Release|Any CPU.Build.0 = Release|Any CPU
		{597304AB-C31B-43BE-BB81-257B5492BE7E}.Release|Any CPU.Deploy.0 = Release|Any CPU
		{597304AB-C31B-43BE-BB81-257B5492BE7E}.Release|ARM.ActiveCfg = Release|ARM
		{597304AB-C31B-43BE-BB81-257B5492BE7E}.Release|ARM.Build.0 = Release|ARM
		{597304AB-C31B-43BE-BB81-257B5492BE7E}.Release|ARM.Deploy.0 = Release|ARM
		{597304AB-C31B-43BE-BB81-257B5492BE7E}.Release|iPhone.ActiveCfg = Release|Any CPU
		{597304AB-C31B-43BE-BB81-257B5492BE7E}.Release|iPhone.Build.0 = Release|Any CPU
		{597304AB-C31B-43BE-BB81-257B5492BE7E}.Release|iPhone.Deploy.0 = Release|Any CPU
		{597304AB-C31B-43BE-BB81-257B5492BE7E}.Release|iPhoneSimulator.ActiveCfg = Release|Any CPU
		{597304AB-C31B-43BE-BB81-257B5492BE7E}.Release|iPhoneSimulator.Build.0 = Release|Any CPU
		{597304AB-C31B-43BE-BB81-257B5492BE7E}.Release|iPhoneSimulator.Deploy.0 = Release|Any CPU
		{597304AB-C31B-43BE-BB81-257B5492BE7E}.Release|x64.ActiveCfg = Release|x64
		{597304AB-C31B-43BE-BB81-257B5492BE7E}.Release|x64.Build.0 = Release|x64
		{597304AB-C31B-43BE-BB81-257B5492BE7E}.Release|x64.Deploy.0 = Release|x64
		{597304AB-C31B-43BE-BB81-257B5492BE7E}.Release|x86.ActiveCfg = Release|x86
		{597304AB-C31B-43BE-BB81-257B5492BE7E}.Release|x86.Build.0 = Release|x86
		{597304AB-C31B-43BE-BB81-257B5492BE7E}.Release|x86.Deploy.0 = Release|x86
		{FF69D853-14C0-43DC-9C70-4F157A777824}.Ad-Hoc|Any CPU.ActiveCfg = Release|Any CPU
		{FF69D853-14C0-43DC-9C70-4F157A777824}.Ad-Hoc|Any CPU.Build.0 = Release|Any CPU
		{FF69D853-14C0-43DC-9C70-4F157A777824}.Ad-Hoc|ARM.ActiveCfg = Release|Any CPU
		{FF69D853-14C0-43DC-9C70-4F157A777824}.Ad-Hoc|ARM.Build.0 = Release|Any CPU
		{FF69D853-14C0-43DC-9C70-4F157A777824}.Ad-Hoc|iPhone.ActiveCfg = Release|Any CPU
		{FF69D853-14C0-43DC-9C70-4F157A777824}.Ad-Hoc|iPhone.Build.0 = Release|Any CPU
		{FF69D853-14C0-43DC-9C70-4F157A777824}.Ad-Hoc|iPhoneSimulator.ActiveCfg = Release|Any CPU
		{FF69D853-14C0-43DC-9C70-4F157A777824}.Ad-Hoc|iPhoneSimulator.Build.0 = Release|Any CPU
		{FF69D853-14C0-43DC-9C70-4F157A777824}.Ad-Hoc|x64.ActiveCfg = Release|Any CPU
		{FF69D853-14C0-43DC-9C70-4F157A777824}.Ad-Hoc|x64.Build.0 = Release|Any CPU
		{FF69D853-14C0-43DC-9C70-4F157A777824}.Ad-Hoc|x86.ActiveCfg = Release|Any CPU
		{FF69D853-14C0-43DC-9C70-4F157A777824}.Ad-Hoc|x86.Build.0 = Release|Any CPU
		{FF69D853-14C0-43DC-9C70-4F157A777824}.AppStore|Any CPU.ActiveCfg = Release|Any CPU
		{FF69D853-14C0-43DC-9C70-4F157A777824}.AppStore|Any CPU.Build.0 = Release|Any CPU
		{FF69D853-14C0-43DC-9C70-4F157A777824}.AppStore|ARM.ActiveCfg = Release|Any CPU
		{FF69D853-14C0-43DC-9C70-4F157A777824}.AppStore|ARM.Build.0 = Release|Any CPU
		{FF69D853-14C0-43DC-9C70-4F157A777824}.AppStore|iPhone.ActiveCfg = Release|Any CPU
		{FF69D853-14C0-43DC-9C70-4F157A777824}.AppStore|iPhone.Build.0 = Release|Any CPU
		{FF69D853-14C0-43DC-9C70-4F157A777824}.AppStore|iPhoneSimulator.ActiveCfg = Release|Any CPU
		{FF69D853-14C0-43DC-9C70-4F157A777824}.AppStore|iPhoneSimulator.Build.0 = Release|Any CPU
		{FF69D853-14C0-43DC-9C70-4F157A777824}.AppStore|x64.ActiveCfg = Release|Any CPU
		{FF69D853-14C0-43DC-9C70-4F157A777824}.AppStore|x64.Build.0 = Release|Any CPU
		{FF69D853-14C0-43DC-9C70-4F157A777824}.AppStore|x86.ActiveCfg = Release|Any CPU
		{FF69D853-14C0-43DC-9C70-4F157A777824}.AppStore|x86.Build.0 = Release|Any CPU
		{FF69D853-14C0-43DC-9C70-4F157A777824}.Debug|Any CPU.ActiveCfg = Debug|Any CPU
		{FF69D853-14C0-43DC-9C70-4F157A777824}.Debug|Any CPU.Build.0 = Debug|Any CPU
		{FF69D853-14C0-43DC-9C70-4F157A777824}.Debug|ARM.ActiveCfg = Debug|Any CPU
		{FF69D853-14C0-43DC-9C70-4F157A777824}.Debug|ARM.Build.0 = Debug|Any CPU
		{FF69D853-14C0-43DC-9C70-4F157A777824}.Debug|iPhone.ActiveCfg = Debug|Any CPU
		{FF69D853-14C0-43DC-9C70-4F157A777824}.Debug|iPhone.Build.0 = Debug|Any CPU
		{FF69D853-14C0-43DC-9C70-4F157A777824}.Debug|iPhoneSimulator.ActiveCfg = Debug|Any CPU
		{FF69D853-14C0-43DC-9C70-4F157A777824}.Debug|iPhoneSimulator.Build.0 = Debug|Any CPU
		{FF69D853-14C0-43DC-9C70-4F157A777824}.Debug|x64.ActiveCfg = Debug|Any CPU
		{FF69D853-14C0-43DC-9C70-4F157A777824}.Debug|x64.Build.0 = Debug|Any CPU
		{FF69D853-14C0-43DC-9C70-4F157A777824}.Debug|x86.ActiveCfg = Debug|Any CPU
		{FF69D853-14C0-43DC-9C70-4F157A777824}.Debug|x86.Build.0 = Debug|Any CPU
		{FF69D853-14C0-43DC-9C70-4F157A777824}.Release|Any CPU.ActiveCfg = Release|Any CPU
		{FF69D853-14C0-43DC-9C70-4F157A777824}.Release|Any CPU.Build.0 = Release|Any CPU
		{FF69D853-14C0-43DC-9C70-4F157A777824}.Release|ARM.ActiveCfg = Release|Any CPU
		{FF69D853-14C0-43DC-9C70-4F157A777824}.Release|ARM.Build.0 = Release|Any CPU
		{FF69D853-14C0-43DC-9C70-4F157A777824}.Release|iPhone.ActiveCfg = Release|Any CPU
		{FF69D853-14C0-43DC-9C70-4F157A777824}.Release|iPhone.Build.0 = Release|Any CPU
		{FF69D853-14C0-43DC-9C70-4F157A777824}.Release|iPhoneSimulator.ActiveCfg = Release|Any CPU
		{FF69D853-14C0-43DC-9C70-4F157A777824}.Release|iPhoneSimulator.Build.0 = Release|Any CPU
		{FF69D853-14C0-43DC-9C70-4F157A777824}.Release|x64.ActiveCfg = Release|Any CPU
		{FF69D853-14C0-43DC-9C70-4F157A777824}.Release|x64.Build.0 = Release|Any CPU
		{FF69D853-14C0-43DC-9C70-4F157A777824}.Release|x86.ActiveCfg = Release|Any CPU
		{FF69D853-14C0-43DC-9C70-4F157A777824}.Release|x86.Build.0 = Release|Any CPU
	EndGlobalSection
	GlobalSection(SolutionProperties) = preSolution
		HideSolutionNode = FALSE
	EndGlobalSection
EndGlobal
