
Microsoft Visual Studio Solution File, Format Version 12.00
# Visual Studio 14
VisualStudioVersion = 14.0.25420.1
MinimumVisualStudioVersion = 10.0.40219.1
Project("{FAE04EC0-301F-11D3-BF4B-00C04F79EFBC}") = "MVVMPattern.Droid", "MVVMPattern\MVVMPattern.Droid\MVVMPattern.Droid.csproj", "{69AA39BB-79FF-4827-9486-B49A6D10F04D}"
EndProject
Project("{FAE04EC0-301F-11D3-BF4B-00C04F79EFBC}") = "MVVMPattern.iOS", "MVVMPattern\MVVMPattern.iOS\MVVMPattern.iOS.csproj", "{275F397D-BB5A-4F1C-9D65-E15D1C6213B9}"
EndProject
Project("{FAE04EC0-301F-11D3-BF4B-00C04F79EFBC}") = "MVVMPattern.WinPhone", "MVVMPattern\MVVMPattern.WinPhone\MVVMPattern.WinPhone.csproj", "{F600D548-C1F6-4DAB-A9EF-DBE936311F51}"
EndProject
Project("{FAE04EC0-301F-11D3-BF4B-00C04F79EFBC}") = "MVVMPattern.UWP", "MVVMPattern\MVVMPattern.UWP\MVVMPattern.UWP.csproj", "{FDB31493-0E64-4279-8DDA-991E93985AD0}"
EndProject
Project("{FAE04EC0-301F-11D3-BF4B-00C04F79EFBC}") = "MVVMPattern.Windows", "MVVMPattern\MVVMPattern.Windows\MVVMPattern.Windows.csproj", "{B1910CFB-2B9B-4D6D-A408-F5CA47D2E9DA}"
EndProject
Project("{FAE04EC0-301F-11D3-BF4B-00C04F79EFBC}") = "MVVMPattern", "MVVMPattern\MVVMPattern\MVVMPattern.csproj", "{70FB03D6-6A10-4C61-8C28-934AE715DEA0}"
EndProject
Global
	GlobalSection(SolutionConfigurationPlatforms) = preSolution
		Ad-Hoc|Any CPU = Ad-Hoc|Any CPU
		Ad-Hoc|ARM = Ad-Hoc|ARM
		Ad-Hoc|iPhone = Ad-Hoc|iPhone
		Ad-Hoc|iPhoneSimulator = Ad-Hoc|iPhoneSimulator
		Ad-Hoc|x64 = Ad-Hoc|x64
		Ad-Hoc|x86 = Ad-Hoc|x86
		AppStore|Any CPU = AppStore|Any CPU
		AppStore|ARM = AppStore|ARM
		AppStore|iPhone = AppStore|iPhone
		AppStore|iPhoneSimulator = AppStore|iPhoneSimulator
		AppStore|x64 = AppStore|x64
		AppStore|x86 = AppStore|x86
		Debug|Any CPU = Debug|Any CPU
		Debug|ARM = Debug|ARM
		Debug|iPhone = Debug|iPhone
		Debug|iPhoneSimulator = Debug|iPhoneSimulator
		Debug|x64 = Debug|x64
		Debug|x86 = Debug|x86
		Release|Any CPU = Release|Any CPU
		Release|ARM = Release|ARM
		Release|iPhone = Release|iPhone
		Release|iPhoneSimulator = Release|iPhoneSimulator
		Release|x64 = Release|x64
		Release|x86 = Release|x86
	EndGlobalSection
	GlobalSection(ProjectConfigurationPlatforms) = postSolution
		{69AA39BB-79FF-4827-9486-B49A6D10F04D}.Ad-Hoc|Any CPU.ActiveCfg = Release|Any CPU
		{69AA39BB-79FF-4827-9486-B49A6D10F04D}.Ad-Hoc|Any CPU.Build.0 = Release|Any CPU
		{69AA39BB-79FF-4827-9486-B49A6D10F04D}.Ad-Hoc|Any CPU.Deploy.0 = Release|Any CPU
		{69AA39BB-79FF-4827-9486-B49A6D10F04D}.Ad-Hoc|ARM.ActiveCfg = Release|Any CPU
		{69AA39BB-79FF-4827-9486-B49A6D10F04D}.Ad-Hoc|ARM.Build.0 = Release|Any CPU
		{69AA39BB-79FF-4827-9486-B49A6D10F04D}.Ad-Hoc|ARM.Deploy.0 = Release|Any CPU
		{69AA39BB-79FF-4827-9486-B49A6D10F04D}.Ad-Hoc|iPhone.ActiveCfg = Release|Any CPU
		{69AA39BB-79FF-4827-9486-B49A6D10F04D}.Ad-Hoc|iPhone.Build.0 = Release|Any CPU
		{69AA39BB-79FF-4827-9486-B49A6D10F04D}.Ad-Hoc|iPhone.Deploy.0 = Release|Any CPU
		{69AA39BB-79FF-4827-9486-B49A6D10F04D}.Ad-Hoc|iPhoneSimulator.ActiveCfg = Release|Any CPU
		{69AA39BB-79FF-4827-9486-B49A6D10F04D}.Ad-Hoc|iPhoneSimulator.Build.0 = Release|Any CPU
		{69AA39BB-79FF-4827-9486-B49A6D10F04D}.Ad-Hoc|iPhoneSimulator.Deploy.0 = Release|Any CPU
		{69AA39BB-79FF-4827-9486-B49A6D10F04D}.Ad-Hoc|x64.ActiveCfg = Release|Any CPU
		{69AA39BB-79FF-4827-9486-B49A6D10F04D}.Ad-Hoc|x64.Build.0 = Release|Any CPU
		{69AA39BB-79FF-4827-9486-B49A6D10F04D}.Ad-Hoc|x64.Deploy.0 = Release|Any CPU
		{69AA39BB-79FF-4827-9486-B49A6D10F04D}.Ad-Hoc|x86.ActiveCfg = Release|Any CPU
		{69AA39BB-79FF-4827-9486-B49A6D10F04D}.Ad-Hoc|x86.Build.0 = Release|Any CPU
		{69AA39BB-79FF-4827-9486-B49A6D10F04D}.Ad-Hoc|x86.Deploy.0 = Release|Any CPU
		{69AA39BB-79FF-4827-9486-B49A6D10F04D}.AppStore|Any CPU.ActiveCfg = Release|Any CPU
		{69AA39BB-79FF-4827-9486-B49A6D10F04D}.AppStore|Any CPU.Build.0 = Release|Any CPU
		{69AA39BB-79FF-4827-9486-B49A6D10F04D}.AppStore|Any CPU.Deploy.0 = Release|Any CPU
		{69AA39BB-79FF-4827-9486-B49A6D10F04D}.AppStore|ARM.ActiveCfg = Release|Any CPU
		{69AA39BB-79FF-4827-9486-B49A6D10F04D}.AppStore|ARM.Build.0 = Release|Any CPU
		{69AA39BB-79FF-4827-9486-B49A6D10F04D}.AppStore|ARM.Deploy.0 = Release|Any CPU
		{69AA39BB-79FF-4827-9486-B49A6D10F04D}.AppStore|iPhone.ActiveCfg = Release|Any CPU
		{69AA39BB-79FF-4827-9486-B49A6D10F04D}.AppStore|iPhone.Build.0 = Release|Any CPU
		{69AA39BB-79FF-4827-9486-B49A6D10F04D}.AppStore|iPhone.Deploy.0 = Release|Any CPU
		{69AA39BB-79FF-4827-9486-B49A6D10F04D}.AppStore|iPhoneSimulator.ActiveCfg = Release|Any CPU
		{69AA39BB-79FF-4827-9486-B49A6D10F04D}.AppStore|iPhoneSimulator.Build.0 = Release|Any CPU
		{69AA39BB-79FF-4827-9486-B49A6D10F04D}.AppStore|iPhoneSimulator.Deploy.0 = Release|Any CPU
		{69AA39BB-79FF-4827-9486-B49A6D10F04D}.AppStore|x64.ActiveCfg = Release|Any CPU
		{69AA39BB-79FF-4827-9486-B49A6D10F04D}.AppStore|x64.Build.0 = Release|Any CPU
		{69AA39BB-79FF-4827-9486-B49A6D10F04D}.AppStore|x64.Deploy.0 = Release|Any CPU
		{69AA39BB-79FF-4827-9486-B49A6D10F04D}.AppStore|x86.ActiveCfg = Release|Any CPU
		{69AA39BB-79FF-4827-9486-B49A6D10F04D}.AppStore|x86.Build.0 = Release|Any CPU
		{69AA39BB-79FF-4827-9486-B49A6D10F04D}.AppStore|x86.Deploy.0 = Release|Any CPU
		{69AA39BB-79FF-4827-9486-B49A6D10F04D}.Debug|Any CPU.ActiveCfg = Debug|Any CPU
		{69AA39BB-79FF-4827-9486-B49A6D10F04D}.Debug|Any CPU.Build.0 = Debug|Any CPU
		{69AA39BB-79FF-4827-9486-B49A6D10F04D}.Debug|Any CPU.Deploy.0 = Debug|Any CPU
		{69AA39BB-79FF-4827-9486-B49A6D10F04D}.Debug|ARM.ActiveCfg = Debug|Any CPU
		{69AA39BB-79FF-4827-9486-B49A6D10F04D}.Debug|ARM.Build.0 = Debug|Any CPU
		{69AA39BB-79FF-4827-9486-B49A6D10F04D}.Debug|ARM.Deploy.0 = Debug|Any CPU
		{69AA39BB-79FF-4827-9486-B49A6D10F04D}.Debug|iPhone.ActiveCfg = Debug|Any CPU
		{69AA39BB-79FF-4827-9486-B49A6D10F04D}.Debug|iPhone.Build.0 = Debug|Any CPU
		{69AA39BB-79FF-4827-9486-B49A6D10F04D}.Debug|iPhone.Deploy.0 = Debug|Any CPU
		{69AA39BB-79FF-4827-9486-B49A6D10F04D}.Debug|iPhoneSimulator.ActiveCfg = Debug|Any CPU
		{69AA39BB-79FF-4827-9486-B49A6D10F04D}.Debug|iPhoneSimulator.Build.0 = Debug|Any CPU
		{69AA39BB-79FF-4827-9486-B49A6D10F04D}.Debug|iPhoneSimulator.Deploy.0 = Debug|Any CPU
		{69AA39BB-79FF-4827-9486-B49A6D10F04D}.Debug|x64.ActiveCfg = Debug|Any CPU
		{69AA39BB-79FF-4827-9486-B49A6D10F04D}.Debug|x64.Build.0 = Debug|Any CPU
		{69AA39BB-79FF-4827-9486-B49A6D10F04D}.Debug|x64.Deploy.0 = Debug|Any CPU
		{69AA39BB-79FF-4827-9486-B49A6D10F04D}.Debug|x86.ActiveCfg = Debug|Any CPU
		{69AA39BB-79FF-4827-9486-B49A6D10F04D}.Debug|x86.Build.0 = Debug|Any CPU
		{69AA39BB-79FF-4827-9486-B49A6D10F04D}.Debug|x86.Deploy.0 = Debug|Any CPU
		{69AA39BB-79FF-4827-9486-B49A6D10F04D}.Release|Any CPU.ActiveCfg = Release|Any CPU
		{69AA39BB-79FF-4827-9486-B49A6D10F04D}.Release|Any CPU.Build.0 = Release|Any CPU
		{69AA39BB-79FF-4827-9486-B49A6D10F04D}.Release|Any CPU.Deploy.0 = Release|Any CPU
		{69AA39BB-79FF-4827-9486-B49A6D10F04D}.Release|ARM.ActiveCfg = Release|Any CPU
		{69AA39BB-79FF-4827-9486-B49A6D10F04D}.Release|ARM.Build.0 = Release|Any CPU
		{69AA39BB-79FF-4827-9486-B49A6D10F04D}.Release|ARM.Deploy.0 = Release|Any CPU
		{69AA39BB-79FF-4827-9486-B49A6D10F04D}.Release|iPhone.ActiveCfg = Release|Any CPU
		{69AA39BB-79FF-4827-9486-B49A6D10F04D}.Release|iPhone.Build.0 = Release|Any CPU
		{69AA39BB-79FF-4827-9486-B49A6D10F04D}.Release|iPhone.Deploy.0 = Release|Any CPU
		{69AA39BB-79FF-4827-9486-B49A6D10F04D}.Release|iPhoneSimulator.ActiveCfg = Release|Any CPU
		{69AA39BB-79FF-4827-9486-B49A6D10F04D}.Release|iPhoneSimulator.Build.0 = Release|Any CPU
		{69AA39BB-79FF-4827-9486-B49A6D10F04D}.Release|iPhoneSimulator.Deploy.0 = Release|Any CPU
		{69AA39BB-79FF-4827-9486-B49A6D10F04D}.Release|x64.ActiveCfg = Release|Any CPU
		{69AA39BB-79FF-4827-9486-B49A6D10F04D}.Release|x64.Build.0 = Release|Any CPU
		{69AA39BB-79FF-4827-9486-B49A6D10F04D}.Release|x64.Deploy.0 = Release|Any CPU
		{69AA39BB-79FF-4827-9486-B49A6D10F04D}.Release|x86.ActiveCfg = Release|Any CPU
		{69AA39BB-79FF-4827-9486-B49A6D10F04D}.Release|x86.Build.0 = Release|Any CPU
		{69AA39BB-79FF-4827-9486-B49A6D10F04D}.Release|x86.Deploy.0 = Release|Any CPU
		{275F397D-BB5A-4F1C-9D65-E15D1C6213B9}.Ad-Hoc|Any CPU.ActiveCfg = Ad-Hoc|iPhone
		{275F397D-BB5A-4F1C-9D65-E15D1C6213B9}.Ad-Hoc|ARM.ActiveCfg = Ad-Hoc|iPhone
		{275F397D-BB5A-4F1C-9D65-E15D1C6213B9}.Ad-Hoc|iPhone.ActiveCfg = Ad-Hoc|iPhone
		{275F397D-BB5A-4F1C-9D65-E15D1C6213B9}.Ad-Hoc|iPhone.Build.0 = Ad-Hoc|iPhone
		{275F397D-BB5A-4F1C-9D65-E15D1C6213B9}.Ad-Hoc|iPhoneSimulator.ActiveCfg = Ad-Hoc|iPhoneSimulator
		{275F397D-BB5A-4F1C-9D65-E15D1C6213B9}.Ad-Hoc|iPhoneSimulator.Build.0 = Ad-Hoc|iPhoneSimulator
		{275F397D-BB5A-4F1C-9D65-E15D1C6213B9}.Ad-Hoc|x64.ActiveCfg = Ad-Hoc|iPhone
		{275F397D-BB5A-4F1C-9D65-E15D1C6213B9}.Ad-Hoc|x86.ActiveCfg = Ad-Hoc|iPhone
		{275F397D-BB5A-4F1C-9D65-E15D1C6213B9}.AppStore|Any CPU.ActiveCfg = AppStore|iPhone
		{275F397D-BB5A-4F1C-9D65-E15D1C6213B9}.AppStore|ARM.ActiveCfg = AppStore|iPhone
		{275F397D-BB5A-4F1C-9D65-E15D1C6213B9}.AppStore|iPhone.ActiveCfg = AppStore|iPhone
		{275F397D-BB5A-4F1C-9D65-E15D1C6213B9}.AppStore|iPhone.Build.0 = AppStore|iPhone
		{275F397D-BB5A-4F1C-9D65-E15D1C6213B9}.AppStore|iPhoneSimulator.ActiveCfg = AppStore|iPhoneSimulator
		{275F397D-BB5A-4F1C-9D65-E15D1C6213B9}.AppStore|iPhoneSimulator.Build.0 = AppStore|iPhoneSimulator
		{275F397D-BB5A-4F1C-9D65-E15D1C6213B9}.AppStore|x64.ActiveCfg = AppStore|iPhone
		{275F397D-BB5A-4F1C-9D65-E15D1C6213B9}.AppStore|x86.ActiveCfg = AppStore|iPhone
		{275F397D-BB5A-4F1C-9D65-E15D1C6213B9}.Debug|Any CPU.ActiveCfg = Debug|iPhone
		{275F397D-BB5A-4F1C-9D65-E15D1C6213B9}.Debug|ARM.ActiveCfg = Debug|iPhone
		{275F397D-BB5A-4F1C-9D65-E15D1C6213B9}.Debug|iPhone.ActiveCfg = Debug|iPhone
		{275F397D-BB5A-4F1C-9D65-E15D1C6213B9}.Debug|iPhone.Build.0 = Debug|iPhone
		{275F397D-BB5A-4F1C-9D65-E15D1C6213B9}.Debug|iPhoneSimulator.ActiveCfg = Debug|iPhoneSimulator
		{275F397D-BB5A-4F1C-9D65-E15D1C6213B9}.Debug|iPhoneSimulator.Build.0 = Debug|iPhoneSimulator
		{275F397D-BB5A-4F1C-9D65-E15D1C6213B9}.Debug|x64.ActiveCfg = Debug|iPhone
		{275F397D-BB5A-4F1C-9D65-E15D1C6213B9}.Debug|x86.ActiveCfg = Debug|iPhone
		{275F397D-BB5A-4F1C-9D65-E15D1C6213B9}.Release|Any CPU.ActiveCfg = Release|iPhone
		{275F397D-BB5A-4F1C-9D65-E15D1C6213B9}.Release|ARM.ActiveCfg = Release|iPhone
		{275F397D-BB5A-4F1C-9D65-E15D1C6213B9}.Release|iPhone.ActiveCfg = Release|iPhone
		{275F397D-BB5A-4F1C-9D65-E15D1C6213B9}.Release|iPhone.Build.0 = Release|iPhone
		{275F397D-BB5A-4F1C-9D65-E15D1C6213B9}.Release|iPhoneSimulator.ActiveCfg = Release|iPhoneSimulator
		{275F397D-BB5A-4F1C-9D65-E15D1C6213B9}.Release|iPhoneSimulator.Build.0 = Release|iPhoneSimulator
		{275F397D-BB5A-4F1C-9D65-E15D1C6213B9}.Release|x64.ActiveCfg = Release|iPhone
		{275F397D-BB5A-4F1C-9D65-E15D1C6213B9}.Release|x86.ActiveCfg = Release|iPhone
		{F600D548-C1F6-4DAB-A9EF-DBE936311F51}.Ad-Hoc|Any CPU.ActiveCfg = Release|Any CPU
		{F600D548-C1F6-4DAB-A9EF-DBE936311F51}.Ad-Hoc|Any CPU.Build.0 = Release|Any CPU
		{F600D548-C1F6-4DAB-A9EF-DBE936311F51}.Ad-Hoc|Any CPU.Deploy.0 = Release|Any CPU
		{F600D548-C1F6-4DAB-A9EF-DBE936311F51}.Ad-Hoc|ARM.ActiveCfg = Release|ARM
		{F600D548-C1F6-4DAB-A9EF-DBE936311F51}.Ad-Hoc|ARM.Build.0 = Release|ARM
		{F600D548-C1F6-4DAB-A9EF-DBE936311F51}.Ad-Hoc|ARM.Deploy.0 = Release|ARM
		{F600D548-C1F6-4DAB-A9EF-DBE936311F51}.Ad-Hoc|iPhone.ActiveCfg = Release|Any CPU
		{F600D548-C1F6-4DAB-A9EF-DBE936311F51}.Ad-Hoc|iPhone.Build.0 = Release|Any CPU
		{F600D548-C1F6-4DAB-A9EF-DBE936311F51}.Ad-Hoc|iPhone.Deploy.0 = Release|Any CPU
		{F600D548-C1F6-4DAB-A9EF-DBE936311F51}.Ad-Hoc|iPhoneSimulator.ActiveCfg = Release|Any CPU
		{F600D548-C1F6-4DAB-A9EF-DBE936311F51}.Ad-Hoc|iPhoneSimulator.Build.0 = Release|Any CPU
		{F600D548-C1F6-4DAB-A9EF-DBE936311F51}.Ad-Hoc|iPhoneSimulator.Deploy.0 = Release|Any CPU
		{F600D548-C1F6-4DAB-A9EF-DBE936311F51}.Ad-Hoc|x64.ActiveCfg = Release|Any CPU
		{F600D548-C1F6-4DAB-A9EF-DBE936311F51}.Ad-Hoc|x64.Build.0 = Release|Any CPU
		{F600D548-C1F6-4DAB-A9EF-DBE936311F51}.Ad-Hoc|x64.Deploy.0 = Release|Any CPU
		{F600D548-C1F6-4DAB-A9EF-DBE936311F51}.Ad-Hoc|x86.ActiveCfg = Release|x86
		{F600D548-C1F6-4DAB-A9EF-DBE936311F51}.Ad-Hoc|x86.Build.0 = Release|x86
		{F600D548-C1F6-4DAB-A9EF-DBE936311F51}.Ad-Hoc|x86.Deploy.0 = Release|x86
		{F600D548-C1F6-4DAB-A9EF-DBE936311F51}.AppStore|Any CPU.ActiveCfg = Release|Any CPU
		{F600D548-C1F6-4DAB-A9EF-DBE936311F51}.AppStore|Any CPU.Build.0 = Release|Any CPU
		{F600D548-C1F6-4DAB-A9EF-DBE936311F51}.AppStore|Any CPU.Deploy.0 = Release|Any CPU
		{F600D548-C1F6-4DAB-A9EF-DBE936311F51}.AppStore|ARM.ActiveCfg = Release|ARM
		{F600D548-C1F6-4DAB-A9EF-DBE936311F51}.AppStore|ARM.Build.0 = Release|ARM
		{F600D548-C1F6-4DAB-A9EF-DBE936311F51}.AppStore|ARM.Deploy.0 = Release|ARM
		{F600D548-C1F6-4DAB-A9EF-DBE936311F51}.AppStore|iPhone.ActiveCfg = Release|Any CPU
		{F600D548-C1F6-4DAB-A9EF-DBE936311F51}.AppStore|iPhone.Build.0 = Release|Any CPU
		{F600D548-C1F6-4DAB-A9EF-DBE936311F51}.AppStore|iPhone.Deploy.0 = Release|Any CPU
		{F600D548-C1F6-4DAB-A9EF-DBE936311F51}.AppStore|iPhoneSimulator.ActiveCfg = Release|Any CPU
		{F600D548-C1F6-4DAB-A9EF-DBE936311F51}.AppStore|iPhoneSimulator.Build.0 = Release|Any CPU
		{F600D548-C1F6-4DAB-A9EF-DBE936311F51}.AppStore|iPhoneSimulator.Deploy.0 = Release|Any CPU
		{F600D548-C1F6-4DAB-A9EF-DBE936311F51}.AppStore|x64.ActiveCfg = Release|Any CPU
		{F600D548-C1F6-4DAB-A9EF-DBE936311F51}.AppStore|x64.Build.0 = Release|Any CPU
		{F600D548-C1F6-4DAB-A9EF-DBE936311F51}.AppStore|x64.Deploy.0 = Release|Any CPU
		{F600D548-C1F6-4DAB-A9EF-DBE936311F51}.AppStore|x86.ActiveCfg = Release|x86
		{F600D548-C1F6-4DAB-A9EF-DBE936311F51}.AppStore|x86.Build.0 = Release|x86
		{F600D548-C1F6-4DAB-A9EF-DBE936311F51}.AppStore|x86.Deploy.0 = Release|x86
		{F600D548-C1F6-4DAB-A9EF-DBE936311F51}.Debug|Any CPU.ActiveCfg = Debug|Any CPU
		{F600D548-C1F6-4DAB-A9EF-DBE936311F51}.Debug|Any CPU.Build.0 = Debug|Any CPU
		{F600D548-C1F6-4DAB-A9EF-DBE936311F51}.Debug|Any CPU.Deploy.0 = Debug|Any CPU
		{F600D548-C1F6-4DAB-A9EF-DBE936311F51}.Debug|ARM.ActiveCfg = Debug|ARM
		{F600D548-C1F6-4DAB-A9EF-DBE936311F51}.Debug|ARM.Build.0 = Debug|ARM
		{F600D548-C1F6-4DAB-A9EF-DBE936311F51}.Debug|ARM.Deploy.0 = Debug|ARM
		{F600D548-C1F6-4DAB-A9EF-DBE936311F51}.Debug|iPhone.ActiveCfg = Debug|Any CPU
		{F600D548-C1F6-4DAB-A9EF-DBE936311F51}.Debug|iPhone.Build.0 = Debug|Any CPU
		{F600D548-C1F6-4DAB-A9EF-DBE936311F51}.Debug|iPhone.Deploy.0 = Debug|Any CPU
		{F600D548-C1F6-4DAB-A9EF-DBE936311F51}.Debug|iPhoneSimulator.ActiveCfg = Debug|Any CPU
		{F600D548-C1F6-4DAB-A9EF-DBE936311F51}.Debug|iPhoneSimulator.Build.0 = Debug|Any CPU
		{F600D548-C1F6-4DAB-A9EF-DBE936311F51}.Debug|iPhoneSimulator.Deploy.0 = Debug|Any CPU
		{F600D548-C1F6-4DAB-A9EF-DBE936311F51}.Debug|x64.ActiveCfg = Debug|Any CPU
		{F600D548-C1F6-4DAB-A9EF-DBE936311F51}.Debug|x64.Build.0 = Debug|Any CPU
		{F600D548-C1F6-4DAB-A9EF-DBE936311F51}.Debug|x64.Deploy.0 = Debug|Any CPU
		{F600D548-C1F6-4DAB-A9EF-DBE936311F51}.Debug|x86.ActiveCfg = Debug|x86
		{F600D548-C1F6-4DAB-A9EF-DBE936311F51}.Debug|x86.Build.0 = Debug|x86
		{F600D548-C1F6-4DAB-A9EF-DBE936311F51}.Debug|x86.Deploy.0 = Debug|x86
		{F600D548-C1F6-4DAB-A9EF-DBE936311F51}.Release|Any CPU.ActiveCfg = Release|Any CPU
		{F600D548-C1F6-4DAB-A9EF-DBE936311F51}.Release|Any CPU.Build.0 = Release|Any CPU
		{F600D548-C1F6-4DAB-A9EF-DBE936311F51}.Release|Any CPU.Deploy.0 = Release|Any CPU
		{F600D548-C1F6-4DAB-A9EF-DBE936311F51}.Release|ARM.ActiveCfg = Release|ARM
		{F600D548-C1F6-4DAB-A9EF-DBE936311F51}.Release|ARM.Build.0 = Release|ARM
		{F600D548-C1F6-4DAB-A9EF-DBE936311F51}.Release|ARM.Deploy.0 = Release|ARM
		{F600D548-C1F6-4DAB-A9EF-DBE936311F51}.Release|iPhone.ActiveCfg = Release|Any CPU
		{F600D548-C1F6-4DAB-A9EF-DBE936311F51}.Release|iPhone.Build.0 = Release|Any CPU
		{F600D548-C1F6-4DAB-A9EF-DBE936311F51}.Release|iPhone.Deploy.0 = Release|Any CPU
		{F600D548-C1F6-4DAB-A9EF-DBE936311F51}.Release|iPhoneSimulator.ActiveCfg = Release|Any CPU
		{F600D548-C1F6-4DAB-A9EF-DBE936311F51}.Release|iPhoneSimulator.Build.0 = Release|Any CPU
		{F600D548-C1F6-4DAB-A9EF-DBE936311F51}.Release|iPhoneSimulator.Deploy.0 = Release|Any CPU
		{F600D548-C1F6-4DAB-A9EF-DBE936311F51}.Release|x64.ActiveCfg = Release|Any CPU
		{F600D548-C1F6-4DAB-A9EF-DBE936311F51}.Release|x64.Build.0 = Release|Any CPU
		{F600D548-C1F6-4DAB-A9EF-DBE936311F51}.Release|x64.Deploy.0 = Release|Any CPU
		{F600D548-C1F6-4DAB-A9EF-DBE936311F51}.Release|x86.ActiveCfg = Release|x86
		{F600D548-C1F6-4DAB-A9EF-DBE936311F51}.Release|x86.Build.0 = Release|x86
		{F600D548-C1F6-4DAB-A9EF-DBE936311F51}.Release|x86.Deploy.0 = Release|x86
		{FDB31493-0E64-4279-8DDA-991E93985AD0}.Ad-Hoc|Any CPU.ActiveCfg = Release|x86
		{FDB31493-0E64-4279-8DDA-991E93985AD0}.Ad-Hoc|Any CPU.Build.0 = Release|x86
		{FDB31493-0E64-4279-8DDA-991E93985AD0}.Ad-Hoc|Any CPU.Deploy.0 = Release|x86
		{FDB31493-0E64-4279-8DDA-991E93985AD0}.Ad-Hoc|ARM.ActiveCfg = Release|ARM
		{FDB31493-0E64-4279-8DDA-991E93985AD0}.Ad-Hoc|ARM.Build.0 = Release|ARM
		{FDB31493-0E64-4279-8DDA-991E93985AD0}.Ad-Hoc|ARM.Deploy.0 = Release|ARM
		{FDB31493-0E64-4279-8DDA-991E93985AD0}.Ad-Hoc|iPhone.ActiveCfg = Release|x86
		{FDB31493-0E64-4279-8DDA-991E93985AD0}.Ad-Hoc|iPhone.Build.0 = Release|x86
		{FDB31493-0E64-4279-8DDA-991E93985AD0}.Ad-Hoc|iPhone.Deploy.0 = Release|x86
		{FDB31493-0E64-4279-8DDA-991E93985AD0}.Ad-Hoc|iPhoneSimulator.ActiveCfg = Release|x86
		{FDB31493-0E64-4279-8DDA-991E93985AD0}.Ad-Hoc|iPhoneSimulator.Build.0 = Release|x86
		{FDB31493-0E64-4279-8DDA-991E93985AD0}.Ad-Hoc|iPhoneSimulator.Deploy.0 = Release|x86
		{FDB31493-0E64-4279-8DDA-991E93985AD0}.Ad-Hoc|x64.ActiveCfg = Release|x64
		{FDB31493-0E64-4279-8DDA-991E93985AD0}.Ad-Hoc|x64.Build.0 = Release|x64
		{FDB31493-0E64-4279-8DDA-991E93985AD0}.Ad-Hoc|x64.Deploy.0 = Release|x64
		{FDB31493-0E64-4279-8DDA-991E93985AD0}.Ad-Hoc|x86.ActiveCfg = Release|x86
		{FDB31493-0E64-4279-8DDA-991E93985AD0}.Ad-Hoc|x86.Build.0 = Release|x86
		{FDB31493-0E64-4279-8DDA-991E93985AD0}.Ad-Hoc|x86.Deploy.0 = Release|x86
		{FDB31493-0E64-4279-8DDA-991E93985AD0}.AppStore|Any CPU.ActiveCfg = Release|x86
		{FDB31493-0E64-4279-8DDA-991E93985AD0}.AppStore|Any CPU.Build.0 = Release|x86
		{FDB31493-0E64-4279-8DDA-991E93985AD0}.AppStore|Any CPU.Deploy.0 = Release|x86
		{FDB31493-0E64-4279-8DDA-991E93985AD0}.AppStore|ARM.ActiveCfg = Release|ARM
		{FDB31493-0E64-4279-8DDA-991E93985AD0}.AppStore|ARM.Build.0 = Release|ARM
		{FDB31493-0E64-4279-8DDA-991E93985AD0}.AppStore|ARM.Deploy.0 = Release|ARM
		{FDB31493-0E64-4279-8DDA-991E93985AD0}.AppStore|iPhone.ActiveCfg = Release|x86
		{FDB31493-0E64-4279-8DDA-991E93985AD0}.AppStore|iPhone.Build.0 = Release|x86
		{FDB31493-0E64-4279-8DDA-991E93985AD0}.AppStore|iPhone.Deploy.0 = Release|x86
		{FDB31493-0E64-4279-8DDA-991E93985AD0}.AppStore|iPhoneSimulator.ActiveCfg = Release|x86
		{FDB31493-0E64-4279-8DDA-991E93985AD0}.AppStore|iPhoneSimulator.Build.0 = Release|x86
		{FDB31493-0E64-4279-8DDA-991E93985AD0}.AppStore|iPhoneSimulator.Deploy.0 = Release|x86
		{FDB31493-0E64-4279-8DDA-991E93985AD0}.AppStore|x64.ActiveCfg = Release|x64
		{FDB31493-0E64-4279-8DDA-991E93985AD0}.AppStore|x64.Build.0 = Release|x64
		{FDB31493-0E64-4279-8DDA-991E93985AD0}.AppStore|x64.Deploy.0 = Release|x64
		{FDB31493-0E64-4279-8DDA-991E93985AD0}.AppStore|x86.ActiveCfg = Release|x86
		{FDB31493-0E64-4279-8DDA-991E93985AD0}.AppStore|x86.Build.0 = Release|x86
		{FDB31493-0E64-4279-8DDA-991E93985AD0}.AppStore|x86.Deploy.0 = Release|x86
		{FDB31493-0E64-4279-8DDA-991E93985AD0}.Debug|Any CPU.ActiveCfg = Debug|x86
		{FDB31493-0E64-4279-8DDA-991E93985AD0}.Debug|ARM.ActiveCfg = Debug|ARM
		{FDB31493-0E64-4279-8DDA-991E93985AD0}.Debug|ARM.Build.0 = Debug|ARM
		{FDB31493-0E64-4279-8DDA-991E93985AD0}.Debug|ARM.Deploy.0 = Debug|ARM
		{FDB31493-0E64-4279-8DDA-991E93985AD0}.Debug|iPhone.ActiveCfg = Debug|x86
		{FDB31493-0E64-4279-8DDA-991E93985AD0}.Debug|iPhoneSimulator.ActiveCfg = Debug|x86
		{FDB31493-0E64-4279-8DDA-991E93985AD0}.Debug|x64.ActiveCfg = Debug|x64
		{FDB31493-0E64-4279-8DDA-991E93985AD0}.Debug|x64.Build.0 = Debug|x64
		{FDB31493-0E64-4279-8DDA-991E93985AD0}.Debug|x64.Deploy.0 = Debug|x64
		{FDB31493-0E64-4279-8DDA-991E93985AD0}.Debug|x86.ActiveCfg = Debug|x86
		{FDB31493-0E64-4279-8DDA-991E93985AD0}.Debug|x86.Build.0 = Debug|x86
		{FDB31493-0E64-4279-8DDA-991E93985AD0}.Debug|x86.Deploy.0 = Debug|x86
		{FDB31493-0E64-4279-8DDA-991E93985AD0}.Release|Any CPU.ActiveCfg = Release|x86
		{FDB31493-0E64-4279-8DDA-991E93985AD0}.Release|ARM.ActiveCfg = Release|ARM
		{FDB31493-0E64-4279-8DDA-991E93985AD0}.Release|ARM.Build.0 = Release|ARM
		{FDB31493-0E64-4279-8DDA-991E93985AD0}.Release|ARM.Deploy.0 = Release|ARM
		{FDB31493-0E64-4279-8DDA-991E93985AD0}.Release|iPhone.ActiveCfg = Release|x86
		{FDB31493-0E64-4279-8DDA-991E93985AD0}.Release|iPhoneSimulator.ActiveCfg = Release|x86
		{FDB31493-0E64-4279-8DDA-991E93985AD0}.Release|x64.ActiveCfg = Release|x64
		{FDB31493-0E64-4279-8DDA-991E93985AD0}.Release|x64.Build.0 = Release|x64
		{FDB31493-0E64-4279-8DDA-991E93985AD0}.Release|x64.Deploy.0 = Release|x64
		{FDB31493-0E64-4279-8DDA-991E93985AD0}.Release|x86.ActiveCfg = Release|x86
		{FDB31493-0E64-4279-8DDA-991E93985AD0}.Release|x86.Build.0 = Release|x86
		{FDB31493-0E64-4279-8DDA-991E93985AD0}.Release|x86.Deploy.0 = Release|x86
		{B1910CFB-2B9B-4D6D-A408-F5CA47D2E9DA}.Ad-Hoc|Any CPU.ActiveCfg = Release|Any CPU
		{B1910CFB-2B9B-4D6D-A408-F5CA47D2E9DA}.Ad-Hoc|Any CPU.Build.0 = Release|Any CPU
		{B1910CFB-2B9B-4D6D-A408-F5CA47D2E9DA}.Ad-Hoc|Any CPU.Deploy.0 = Release|Any CPU
		{B1910CFB-2B9B-4D6D-A408-F5CA47D2E9DA}.Ad-Hoc|ARM.ActiveCfg = Release|ARM
		{B1910CFB-2B9B-4D6D-A408-F5CA47D2E9DA}.Ad-Hoc|ARM.Build.0 = Release|ARM
		{B1910CFB-2B9B-4D6D-A408-F5CA47D2E9DA}.Ad-Hoc|ARM.Deploy.0 = Release|ARM
		{B1910CFB-2B9B-4D6D-A408-F5CA47D2E9DA}.Ad-Hoc|iPhone.ActiveCfg = Release|Any CPU
		{B1910CFB-2B9B-4D6D-A408-F5CA47D2E9DA}.Ad-Hoc|iPhone.Build.0 = Release|Any CPU
		{B1910CFB-2B9B-4D6D-A408-F5CA47D2E9DA}.Ad-Hoc|iPhone.Deploy.0 = Release|Any CPU
		{B1910CFB-2B9B-4D6D-A408-F5CA47D2E9DA}.Ad-Hoc|iPhoneSimulator.ActiveCfg = Release|Any CPU
		{B1910CFB-2B9B-4D6D-A408-F5CA47D2E9DA}.Ad-Hoc|iPhoneSimulator.Build.0 = Release|Any CPU
		{B1910CFB-2B9B-4D6D-A408-F5CA47D2E9DA}.Ad-Hoc|iPhoneSimulator.Deploy.0 = Release|Any CPU
		{B1910CFB-2B9B-4D6D-A408-F5CA47D2E9DA}.Ad-Hoc|x64.ActiveCfg = Release|x64
		{B1910CFB-2B9B-4D6D-A408-F5CA47D2E9DA}.Ad-Hoc|x64.Build.0 = Release|x64
		{B1910CFB-2B9B-4D6D-A408-F5CA47D2E9DA}.Ad-Hoc|x64.Deploy.0 = Release|x64
		{B1910CFB-2B9B-4D6D-A408-F5CA47D2E9DA}.Ad-Hoc|x86.ActiveCfg = Release|x86
		{B1910CFB-2B9B-4D6D-A408-F5CA47D2E9DA}.Ad-Hoc|x86.Build.0 = Release|x86
		{B1910CFB-2B9B-4D6D-A408-F5CA47D2E9DA}.Ad-Hoc|x86.Deploy.0 = Release|x86
		{B1910CFB-2B9B-4D6D-A408-F5CA47D2E9DA}.AppStore|Any CPU.ActiveCfg = Release|Any CPU
		{B1910CFB-2B9B-4D6D-A408-F5CA47D2E9DA}.AppStore|Any CPU.Build.0 = Release|Any CPU
		{B1910CFB-2B9B-4D6D-A408-F5CA47D2E9DA}.AppStore|Any CPU.Deploy.0 = Release|Any CPU
		{B1910CFB-2B9B-4D6D-A408-F5CA47D2E9DA}.AppStore|ARM.ActiveCfg = Release|ARM
		{B1910CFB-2B9B-4D6D-A408-F5CA47D2E9DA}.AppStore|ARM.Build.0 = Release|ARM
		{B1910CFB-2B9B-4D6D-A408-F5CA47D2E9DA}.AppStore|ARM.Deploy.0 = Release|ARM
		{B1910CFB-2B9B-4D6D-A408-F5CA47D2E9DA}.AppStore|iPhone.ActiveCfg = Release|Any CPU
		{B1910CFB-2B9B-4D6D-A408-F5CA47D2E9DA}.AppStore|iPhone.Build.0 = Release|Any CPU
		{B1910CFB-2B9B-4D6D-A408-F5CA47D2E9DA}.AppStore|iPhone.Deploy.0 = Release|Any CPU
		{B1910CFB-2B9B-4D6D-A408-F5CA47D2E9DA}.AppStore|iPhoneSimulator.ActiveCfg = Release|Any CPU
		{B1910CFB-2B9B-4D6D-A408-F5CA47D2E9DA}.AppStore|iPhoneSimulator.Build.0 = Release|Any CPU
		{B1910CFB-2B9B-4D6D-A408-F5CA47D2E9DA}.AppStore|iPhoneSimulator.Deploy.0 = Release|Any CPU
		{B1910CFB-2B9B-4D6D-A408-F5CA47D2E9DA}.AppStore|x64.ActiveCfg = Release|x64
		{B1910CFB-2B9B-4D6D-A408-F5CA47D2E9DA}.AppStore|x64.Build.0 = Release|x64
		{B1910CFB-2B9B-4D6D-A408-F5CA47D2E9DA}.AppStore|x64.Deploy.0 = Release|x64
		{B1910CFB-2B9B-4D6D-A408-F5CA47D2E9DA}.AppStore|x86.ActiveCfg = Release|x86
		{B1910CFB-2B9B-4D6D-A408-F5CA47D2E9DA}.AppStore|x86.Build.0 = Release|x86
		{B1910CFB-2B9B-4D6D-A408-F5CA47D2E9DA}.AppStore|x86.Deploy.0 = Release|x86
		{B1910CFB-2B9B-4D6D-A408-F5CA47D2E9DA}.Debug|Any CPU.ActiveCfg = Debug|Any CPU
		{B1910CFB-2B9B-4D6D-A408-F5CA47D2E9DA}.Debug|Any CPU.Build.0 = Debug|Any CPU
		{B1910CFB-2B9B-4D6D-A408-F5CA47D2E9DA}.Debug|Any CPU.Deploy.0 = Debug|Any CPU
		{B1910CFB-2B9B-4D6D-A408-F5CA47D2E9DA}.Debug|ARM.ActiveCfg = Debug|ARM
		{B1910CFB-2B9B-4D6D-A408-F5CA47D2E9DA}.Debug|ARM.Build.0 = Debug|ARM
		{B1910CFB-2B9B-4D6D-A408-F5CA47D2E9DA}.Debug|ARM.Deploy.0 = Debug|ARM
		{B1910CFB-2B9B-4D6D-A408-F5CA47D2E9DA}.Debug|iPhone.ActiveCfg = Debug|Any CPU
		{B1910CFB-2B9B-4D6D-A408-F5CA47D2E9DA}.Debug|iPhone.Build.0 = Debug|Any CPU
		{B1910CFB-2B9B-4D6D-A408-F5CA47D2E9DA}.Debug|iPhone.Deploy.0 = Debug|Any CPU
		{B1910CFB-2B9B-4D6D-A408-F5CA47D2E9DA}.Debug|iPhoneSimulator.ActiveCfg = Debug|Any CPU
		{B1910CFB-2B9B-4D6D-A408-F5CA47D2E9DA}.Debug|iPhoneSimulator.Build.0 = Debug|Any CPU
		{B1910CFB-2B9B-4D6D-A408-F5CA47D2E9DA}.Debug|iPhoneSimulator.Deploy.0 = Debug|Any CPU
		{B1910CFB-2B9B-4D6D-A408-F5CA47D2E9DA}.Debug|x64.ActiveCfg = Debug|x64
		{B1910CFB-2B9B-4D6D-A408-F5CA47D2E9DA}.Debug|x64.Build.0 = Debug|x64
		{B1910CFB-2B9B-4D6D-A408-F5CA47D2E9DA}.Debug|x64.Deploy.0 = Debug|x64
		{B1910CFB-2B9B-4D6D-A408-F5CA47D2E9DA}.Debug|x86.ActiveCfg = Debug|x86
		{B1910CFB-2B9B-4D6D-A408-F5CA47D2E9DA}.Debug|x86.Build.0 = Debug|x86
		{B1910CFB-2B9B-4D6D-A408-F5CA47D2E9DA}.Debug|x86.Deploy.0 = Debug|x86
		{B1910CFB-2B9B-4D6D-A408-F5CA47D2E9DA}.Release|Any CPU.ActiveCfg = Release|Any CPU
		{B1910CFB-2B9B-4D6D-A408-F5CA47D2E9DA}.Release|Any CPU.Build.0 = Release|Any CPU
		{B1910CFB-2B9B-4D6D-A408-F5CA47D2E9DA}.Release|Any CPU.Deploy.0 = Release|Any CPU
		{B1910CFB-2B9B-4D6D-A408-F5CA47D2E9DA}.Release|ARM.ActiveCfg = Release|ARM
		{B1910CFB-2B9B-4D6D-A408-F5CA47D2E9DA}.Release|ARM.Build.0 = Release|ARM
		{B1910CFB-2B9B-4D6D-A408-F5CA47D2E9DA}.Release|ARM.Deploy.0 = Release|ARM
		{B1910CFB-2B9B-4D6D-A408-F5CA47D2E9DA}.Release|iPhone.ActiveCfg = Release|Any CPU
		{B1910CFB-2B9B-4D6D-A408-F5CA47D2E9DA}.Release|iPhone.Build.0 = Release|Any CPU
		{B1910CFB-2B9B-4D6D-A408-F5CA47D2E9DA}.Release|iPhone.Deploy.0 = Release|Any CPU
		{B1910CFB-2B9B-4D6D-A408-F5CA47D2E9DA}.Release|iPhoneSimulator.ActiveCfg = Release|Any CPU
		{B1910CFB-2B9B-4D6D-A408-F5CA47D2E9DA}.Release|iPhoneSimulator.Build.0 = Release|Any CPU
		{B1910CFB-2B9B-4D6D-A408-F5CA47D2E9DA}.Release|iPhoneSimulator.Deploy.0 = Release|Any CPU
		{B1910CFB-2B9B-4D6D-A408-F5CA47D2E9DA}.Release|x64.ActiveCfg = Release|x64
		{B1910CFB-2B9B-4D6D-A408-F5CA47D2E9DA}.Release|x64.Build.0 = Release|x64
		{B1910CFB-2B9B-4D6D-A408-F5CA47D2E9DA}.Release|x64.Deploy.0 = Release|x64
		{B1910CFB-2B9B-4D6D-A408-F5CA47D2E9DA}.Release|x86.ActiveCfg = Release|x86
		{B1910CFB-2B9B-4D6D-A408-F5CA47D2E9DA}.Release|x86.Build.0 = Release|x86
		{B1910CFB-2B9B-4D6D-A408-F5CA47D2E9DA}.Release|x86.Deploy.0 = Release|x86
		{70FB03D6-6A10-4C61-8C28-934AE715DEA0}.Ad-Hoc|Any CPU.ActiveCfg = Release|Any CPU
		{70FB03D6-6A10-4C61-8C28-934AE715DEA0}.Ad-Hoc|Any CPU.Build.0 = Release|Any CPU
		{70FB03D6-6A10-4C61-8C28-934AE715DEA0}.Ad-Hoc|ARM.ActiveCfg = Release|Any CPU
		{70FB03D6-6A10-4C61-8C28-934AE715DEA0}.Ad-Hoc|ARM.Build.0 = Release|Any CPU
		{70FB03D6-6A10-4C61-8C28-934AE715DEA0}.Ad-Hoc|iPhone.ActiveCfg = Release|Any CPU
		{70FB03D6-6A10-4C61-8C28-934AE715DEA0}.Ad-Hoc|iPhone.Build.0 = Release|Any CPU
		{70FB03D6-6A10-4C61-8C28-934AE715DEA0}.Ad-Hoc|iPhoneSimulator.ActiveCfg = Release|Any CPU
		{70FB03D6-6A10-4C61-8C28-934AE715DEA0}.Ad-Hoc|iPhoneSimulator.Build.0 = Release|Any CPU
		{70FB03D6-6A10-4C61-8C28-934AE715DEA0}.Ad-Hoc|x64.ActiveCfg = Release|Any CPU
		{70FB03D6-6A10-4C61-8C28-934AE715DEA0}.Ad-Hoc|x64.Build.0 = Release|Any CPU
		{70FB03D6-6A10-4C61-8C28-934AE715DEA0}.Ad-Hoc|x86.ActiveCfg = Release|Any CPU
		{70FB03D6-6A10-4C61-8C28-934AE715DEA0}.Ad-Hoc|x86.Build.0 = Release|Any CPU
		{70FB03D6-6A10-4C61-8C28-934AE715DEA0}.AppStore|Any CPU.ActiveCfg = Release|Any CPU
		{70FB03D6-6A10-4C61-8C28-934AE715DEA0}.AppStore|Any CPU.Build.0 = Release|Any CPU
		{70FB03D6-6A10-4C61-8C28-934AE715DEA0}.AppStore|ARM.ActiveCfg = Release|Any CPU
		{70FB03D6-6A10-4C61-8C28-934AE715DEA0}.AppStore|ARM.Build.0 = Release|Any CPU
		{70FB03D6-6A10-4C61-8C28-934AE715DEA0}.AppStore|iPhone.ActiveCfg = Release|Any CPU
		{70FB03D6-6A10-4C61-8C28-934AE715DEA0}.AppStore|iPhone.Build.0 = Release|Any CPU
		{70FB03D6-6A10-4C61-8C28-934AE715DEA0}.AppStore|iPhoneSimulator.ActiveCfg = Release|Any CPU
		{70FB03D6-6A10-4C61-8C28-934AE715DEA0}.AppStore|iPhoneSimulator.Build.0 = Release|Any CPU
		{70FB03D6-6A10-4C61-8C28-934AE715DEA0}.AppStore|x64.ActiveCfg = Release|Any CPU
		{70FB03D6-6A10-4C61-8C28-934AE715DEA0}.AppStore|x64.Build.0 = Release|Any CPU
		{70FB03D6-6A10-4C61-8C28-934AE715DEA0}.AppStore|x86.ActiveCfg = Release|Any CPU
		{70FB03D6-6A10-4C61-8C28-934AE715DEA0}.AppStore|x86.Build.0 = Release|Any CPU
		{70FB03D6-6A10-4C61-8C28-934AE715DEA0}.Debug|Any CPU.ActiveCfg = Debug|Any CPU
		{70FB03D6-6A10-4C61-8C28-934AE715DEA0}.Debug|Any CPU.Build.0 = Debug|Any CPU
		{70FB03D6-6A10-4C61-8C28-934AE715DEA0}.Debug|ARM.ActiveCfg = Debug|Any CPU
		{70FB03D6-6A10-4C61-8C28-934AE715DEA0}.Debug|ARM.Build.0 = Debug|Any CPU
		{70FB03D6-6A10-4C61-8C28-934AE715DEA0}.Debug|iPhone.ActiveCfg = Debug|Any CPU
		{70FB03D6-6A10-4C61-8C28-934AE715DEA0}.Debug|iPhone.Build.0 = Debug|Any CPU
		{70FB03D6-6A10-4C61-8C28-934AE715DEA0}.Debug|iPhoneSimulator.ActiveCfg = Debug|Any CPU
		{70FB03D6-6A10-4C61-8C28-934AE715DEA0}.Debug|iPhoneSimulator.Build.0 = Debug|Any CPU
		{70FB03D6-6A10-4C61-8C28-934AE715DEA0}.Debug|x64.ActiveCfg = Debug|Any CPU
		{70FB03D6-6A10-4C61-8C28-934AE715DEA0}.Debug|x64.Build.0 = Debug|Any CPU
		{70FB03D6-6A10-4C61-8C28-934AE715DEA0}.Debug|x86.ActiveCfg = Debug|Any CPU
		{70FB03D6-6A10-4C61-8C28-934AE715DEA0}.Debug|x86.Build.0 = Debug|Any CPU
		{70FB03D6-6A10-4C61-8C28-934AE715DEA0}.Release|Any CPU.ActiveCfg = Release|Any CPU
		{70FB03D6-6A10-4C61-8C28-934AE715DEA0}.Release|Any CPU.Build.0 = Release|Any CPU
		{70FB03D6-6A10-4C61-8C28-934AE715DEA0}.Release|ARM.ActiveCfg = Release|Any CPU
		{70FB03D6-6A10-4C61-8C28-934AE715DEA0}.Release|ARM.Build.0 = Release|Any CPU
		{70FB03D6-6A10-4C61-8C28-934AE715DEA0}.Release|iPhone.ActiveCfg = Release|Any CPU
		{70FB03D6-6A10-4C61-8C28-934AE715DEA0}.Release|iPhone.Build.0 = Release|Any CPU
		{70FB03D6-6A10-4C61-8C28-934AE715DEA0}.Release|iPhoneSimulator.ActiveCfg = Release|Any CPU
		{70FB03D6-6A10-4C61-8C28-934AE715DEA0}.Release|iPhoneSimulator.Build.0 = Release|Any CPU
		{70FB03D6-6A10-4C61-8C28-934AE715DEA0}.Release|x64.ActiveCfg = Release|Any CPU
		{70FB03D6-6A10-4C61-8C28-934AE715DEA0}.Release|x64.Build.0 = Release|Any CPU
		{70FB03D6-6A10-4C61-8C28-934AE715DEA0}.Release|x86.ActiveCfg = Release|Any CPU
		{70FB03D6-6A10-4C61-8C28-934AE715DEA0}.Release|x86.Build.0 = Release|Any CPU
	EndGlobalSection
	GlobalSection(SolutionProperties) = preSolution
		HideSolutionNode = FALSE
	EndGlobalSection
EndGlobal
